// !$*UTF8*$!
{
	archiveVersion = 1;
	classes = {
	};
	objectVersion = 46;
	objects = {

/* Begin PBXBuildFile section */
		18081BF41BC15E5A000011AE /* Test.rtf in Resources */ = {isa = PBXBuildFile; fileRef = 18081BF31BC15E5A000011AE /* Test.rtf */; settings = {ASSET_TAGS = (); }; };
		18081BF61BC24702000011AE /* CoreLocation.framework in Frameworks */ = {isa = PBXBuildFile; fileRef = 18081BF51BC24702000011AE /* CoreLocation.framework */; };
		18081BF81BC256FD000011AE /* LaunchScreen.xib in Resources */ = {isa = PBXBuildFile; fileRef = 18081BF71BC256FD000011AE /* LaunchScreen.xib */; settings = {ASSET_TAGS = (); }; };
		18081BFE1BC26764000011AE /* HSHTTPRequestOperationManager.m in Sources */ = {isa = PBXBuildFile; fileRef = 18081BFD1BC26764000011AE /* HSHTTPRequestOperationManager.m */; settings = {ASSET_TAGS = (); }; };
		1810BF7A1BB6DC8300D33FA0 /* HSInfoTableViewCell.m in Sources */ = {isa = PBXBuildFile; fileRef = 1810BF731BB6DC8300D33FA0 /* HSInfoTableViewCell.m */; };
		1810BF7B1BB6DC8300D33FA0 /* HSInfoHeaderView.m in Sources */ = {isa = PBXBuildFile; fileRef = 1810BF761BB6DC8300D33FA0 /* HSInfoHeaderView.m */; };
		1810BF7C1BB6DC8300D33FA0 /* HSNoBorderTextField.m in Sources */ = {isa = PBXBuildFile; fileRef = 1810BF791BB6DC8300D33FA0 /* HSNoBorderTextField.m */; };
		1810BF851BB6DDC800D33FA0 /* UIImage+HSResizingImage.m in Sources */ = {isa = PBXBuildFile; fileRef = 1810BF841BB6DDC800D33FA0 /* UIImage+HSResizingImage.m */; };
		1810BF881BB6DE0F00D33FA0 /* HSInfoFooterView.m in Sources */ = {isa = PBXBuildFile; fileRef = 1810BF871BB6DE0F00D33FA0 /* HSInfoFooterView.m */; };
		18151CAD1BAFC0700040CA80 /* HSTabBar.m in Sources */ = {isa = PBXBuildFile; fileRef = 18151CAC1BAFC0700040CA80 /* HSTabBar.m */; };
		1821618C1BC4B27100EAA41A /* citydata.plist in Resources */ = {isa = PBXBuildFile; fileRef = 1821618B1BC4B27100EAA41A /* citydata.plist */; settings = {ASSET_TAGS = (); }; };
		183398171BB968C5002EAC65 /* HSMineKeys.m in Sources */ = {isa = PBXBuildFile; fileRef = 183398141BB968C5002EAC65 /* HSMineKeys.m */; };
		183398181BB968C5002EAC65 /* HSMineTool.m in Sources */ = {isa = PBXBuildFile; fileRef = 183398161BB968C5002EAC65 /* HSMineTool.m */; };
		1833981B1BB969C0002EAC65 /* HSInfoValueItem.m in Sources */ = {isa = PBXBuildFile; fileRef = 1833981A1BB969C0002EAC65 /* HSInfoValueItem.m */; };
		1833981E1BB9A187002EAC65 /* HSInfoLableItem.m in Sources */ = {isa = PBXBuildFile; fileRef = 1833981D1BB9A187002EAC65 /* HSInfoLableItem.m */; };
		184324171BBAB011001E2F69 /* HSToolBarButton.m in Sources */ = {isa = PBXBuildFile; fileRef = 184324161BBAB011001E2F69 /* HSToolBarButton.m */; };
		1843241F1BBAB338001E2F69 /* HSDatePickerView.m in Sources */ = {isa = PBXBuildFile; fileRef = 1843241E1BBAB338001E2F69 /* HSDatePickerView.m */; };
		1843245B1BBB83E3001E2F69 /* HSLoginViewController.m in Sources */ = {isa = PBXBuildFile; fileRef = 1843245A1BBB83E3001E2F69 /* HSLoginViewController.m */; };
		1843245E1BBB9178001E2F69 /* HSLoginHeaderView.m in Sources */ = {isa = PBXBuildFile; fileRef = 1843245D1BBB9178001E2F69 /* HSLoginHeaderView.m */; };
		184324611BBB9370001E2F69 /* HSLoginFooterView.m in Sources */ = {isa = PBXBuildFile; fileRef = 184324601BBB9370001E2F69 /* HSLoginFooterView.m */; };
		184DFFAE1BC662C500CDB9E6 /* HSServantTool.m in Sources */ = {isa = PBXBuildFile; fileRef = 184DFFAD1BC662C500CDB9E6 /* HSServantTool.m */; settings = {ASSET_TAGS = (); }; };
		184DFFB11BC68D7500CDB9E6 /* HSCollectionView.m in Sources */ = {isa = PBXBuildFile; fileRef = 184DFFB01BC68D7500CDB9E6 /* HSCollectionView.m */; settings = {ASSET_TAGS = (); }; };
		184DFFB41BC6964100CDB9E6 /* HSCollectionViewCell.m in Sources */ = {isa = PBXBuildFile; fileRef = 184DFFB31BC6964100CDB9E6 /* HSCollectionViewCell.m */; settings = {ASSET_TAGS = (); }; };
		186DC5681BC8B520007887F9 /* HSDeclareCell.xib in Resources */ = {isa = PBXBuildFile; fileRef = 186DC5671BC8B520007887F9 /* HSDeclareCell.xib */; settings = {ASSET_TAGS = (); }; };
		186DEA531BAFF902008C465F /* HSTabBarButton.m in Sources */ = {isa = PBXBuildFile; fileRef = 186DEA521BAFF902008C465F /* HSTabBarButton.m */; };
		186DEA561BB001B6008C465F /* HSNavigationViewController.m in Sources */ = {isa = PBXBuildFile; fileRef = 186DEA551BB001B6008C465F /* HSNavigationViewController.m */; };
		186DEA591BB02A02008C465F /* city.plist in Resources */ = {isa = PBXBuildFile; fileRef = 186DEA571BB02A02008C465F /* city.plist */; };
		186DEA5A1BB02A02008C465F /* region.plist in Resources */ = {isa = PBXBuildFile; fileRef = 186DEA581BB02A02008C465F /* region.plist */; };
		186DEA601BB02B24008C465F /* HSNavBarBtn.m in Sources */ = {isa = PBXBuildFile; fileRef = 186DEA5F1BB02B24008C465F /* HSNavBarBtn.m */; };
		187630B11BB546670037F124 /* UIView+SetFrame.m in Sources */ = {isa = PBXBuildFile; fileRef = 187630B01BB546670037F124 /* UIView+SetFrame.m */; };
		1876311A1BB56E150037F124 /* HSAllViewController.m in Sources */ = {isa = PBXBuildFile; fileRef = 187631011BB56E150037F124 /* HSAllViewController.m */; };
		1876311B1BB56E150037F124 /* HSServiceListViewController.m in Sources */ = {isa = PBXBuildFile; fileRef = 187631031BB56E150037F124 /* HSServiceListViewController.m */; };
		1876311C1BB56E150037F124 /* HSServedViewController.m in Sources */ = {isa = PBXBuildFile; fileRef = 187631061BB56E150037F124 /* HSServedViewController.m */; };
		1876311D1BB56E150037F124 /* HSServingViewController.m in Sources */ = {isa = PBXBuildFile; fileRef = 187631091BB56E150037F124 /* HSServingViewController.m */; };
		1876311E1BB56E150037F124 /* HSUnpayedViewController.m in Sources */ = {isa = PBXBuildFile; fileRef = 1876310C1BB56E150037F124 /* HSUnpayedViewController.m */; };
		1876311F1BB56E150037F124 /* XBScrollPageController.m in Sources */ = {isa = PBXBuildFile; fileRef = 1876310E1BB56E150037F124 /* XBScrollPageController.m */; };
		187631201BB56E150037F124 /* XBTagTitleModel.m in Sources */ = {isa = PBXBuildFile; fileRef = 187631111BB56E150037F124 /* XBTagTitleModel.m */; };
		187631211BB56E150037F124 /* XBPageCell.m in Sources */ = {isa = PBXBuildFile; fileRef = 187631141BB56E150037F124 /* XBPageCell.m */; };
		187631221BB56E150037F124 /* XBTagTitleCell.m in Sources */ = {isa = PBXBuildFile; fileRef = 187631161BB56E150037F124 /* XBTagTitleCell.m */; };
		187631261BB628260037F124 /* HSBaseViewController.m in Sources */ = {isa = PBXBuildFile; fileRef = 187631251BB628260037F124 /* HSBaseViewController.m */; };
		1876312F1BB62C9E0037F124 /* HSInfoItem.m in Sources */ = {isa = PBXBuildFile; fileRef = 1876312E1BB62C9E0037F124 /* HSInfoItem.m */; };
		187631321BB62CC90037F124 /* HSInfoGroup.m in Sources */ = {isa = PBXBuildFile; fileRef = 187631311BB62CC90037F124 /* HSInfoGroup.m */; };
		1876313F1BB6308E0037F124 /* HSInfoArrowItem.m in Sources */ = {isa = PBXBuildFile; fileRef = 1876313E1BB6308E0037F124 /* HSInfoArrowItem.m */; };
		187631461BB6352F0037F124 /* HSAboutViewController.m in Sources */ = {isa = PBXBuildFile; fileRef = 187631451BB6352F0037F124 /* HSAboutViewController.m */; };
		187631491BB635450037F124 /* HSBasicInfoViewController.m in Sources */ = {isa = PBXBuildFile; fileRef = 187631481BB635450037F124 /* HSBasicInfoViewController.m */; };
		1876314F1BB635720037F124 /* HSSettingViewController.m in Sources */ = {isa = PBXBuildFile; fileRef = 1876314E1BB635720037F124 /* HSSettingViewController.m */; };
		187DC7BA1BC7A56100FF8AAF /* MBProgressHUD+MJ.m in Sources */ = {isa = PBXBuildFile; fileRef = 187DC7B61BC7A56100FF8AAF /* MBProgressHUD+MJ.m */; settings = {ASSET_TAGS = (); }; };
		187DC7BB1BC7A56100FF8AAF /* MBProgressHUD.bundle in Resources */ = {isa = PBXBuildFile; fileRef = 187DC7B71BC7A56100FF8AAF /* MBProgressHUD.bundle */; settings = {ASSET_TAGS = (); }; };
		187DC7C21BC7A84B00FF8AAF /* HSRefreshButton.m in Sources */ = {isa = PBXBuildFile; fileRef = 187DC7C11BC7A84B00FF8AAF /* HSRefreshButton.m */; settings = {ASSET_TAGS = (); }; };
		187DC7C51BC7BAE900FF8AAF /* HSSubServiceViewController.m in Sources */ = {isa = PBXBuildFile; fileRef = 187DC7C41BC7BAE900FF8AAF /* HSSubServiceViewController.m */; settings = {ASSET_TAGS = (); }; };
		187DC7F41BC7F5FE00FF8AAF /* HSCity.m in Sources */ = {isa = PBXBuildFile; fileRef = 187DC7E51BC7F5FE00FF8AAF /* HSCity.m */; settings = {ASSET_TAGS = (); }; };
		187DC7F51BC7F5FE00FF8AAF /* HSCoveredCountry.m in Sources */ = {isa = PBXBuildFile; fileRef = 187DC7E71BC7F5FE00FF8AAF /* HSCoveredCountry.m */; settings = {ASSET_TAGS = (); }; };
		187DC7F61BC7F5FE00FF8AAF /* HSProvince.m in Sources */ = {isa = PBXBuildFile; fileRef = 187DC7E91BC7F5FE00FF8AAF /* HSProvince.m */; settings = {ASSET_TAGS = (); }; };
		187DC7F71BC7F5FE00FF8AAF /* HSRegion.m in Sources */ = {isa = PBXBuildFile; fileRef = 187DC7EB1BC7F5FE00FF8AAF /* HSRegion.m */; settings = {ASSET_TAGS = (); }; };
		187DC7F81BC7F5FE00FF8AAF /* HSServiceDeclare.m in Sources */ = {isa = PBXBuildFile; fileRef = 187DC7EE1BC7F5FE00FF8AAF /* HSServiceDeclare.m */; settings = {ASSET_TAGS = (); }; };
		187DC7F91BC7F5FE00FF8AAF /* HSService.m in Sources */ = {isa = PBXBuildFile; fileRef = 187DC7F11BC7F5FE00FF8AAF /* HSService.m */; settings = {ASSET_TAGS = (); }; };
		187DC7FA1BC7F5FE00FF8AAF /* HSSubService.m in Sources */ = {isa = PBXBuildFile; fileRef = 187DC7F31BC7F5FE00FF8AAF /* HSSubService.m */; settings = {ASSET_TAGS = (); }; };
		187DC7FD1BC89B8900FF8AAF /* HSDeclareCell.m in Sources */ = {isa = PBXBuildFile; fileRef = 187DC7FC1BC89B8900FF8AAF /* HSDeclareCell.m */; settings = {ASSET_TAGS = (); }; };
		188A206A1BAF8FCD00E4D570 /* main.m in Sources */ = {isa = PBXBuildFile; fileRef = 188A20691BAF8FCD00E4D570 /* main.m */; };
		188A20751BAF8FCD00E4D570 /* Images.xcassets in Resources */ = {isa = PBXBuildFile; fileRef = 188A20741BAF8FCD00E4D570 /* Images.xcassets */; };
		188A20841BAF8FCD00E4D570 /* HousekeepingServerTests.m in Sources */ = {isa = PBXBuildFile; fileRef = 188A20831BAF8FCD00E4D570 /* HousekeepingServerTests.m */; };
		188A20B71BAF90A900E4D570 /* HSGrabViewController.m in Sources */ = {isa = PBXBuildFile; fileRef = 188A20911BAF90A900E4D570 /* HSGrabViewController.m */; };
		188A20B91BAF90A900E4D570 /* HSTabBarViewController.m in Sources */ = {isa = PBXBuildFile; fileRef = 188A209D1BAF90A900E4D570 /* HSTabBarViewController.m */; };
		188A20BA1BAF90A900E4D570 /* HSMineViewController.m in Sources */ = {isa = PBXBuildFile; fileRef = 188A20A31BAF90A900E4D570 /* HSMineViewController.m */; };
		188A20BB1BAF90A900E4D570 /* AppDelegate.m in Sources */ = {isa = PBXBuildFile; fileRef = 188A20A81BAF90A900E4D570 /* AppDelegate.m */; };
		189B50DB1BCA6A3200C516FE /* HSRefreshLab.m in Sources */ = {isa = PBXBuildFile; fileRef = 189B50DA1BCA6A3200C516FE /* HSRefreshLab.m */; settings = {ASSET_TAGS = (); }; };
		18C1505C1BC764CB0033469A /* HSServant.m in Sources */ = {isa = PBXBuildFile; fileRef = 184DFFAA1BC65BA300CDB9E6 /* HSServant.m */; };
		18C1505D1BC764E40033469A /* HSHeadPictureView.m in Sources */ = {isa = PBXBuildFile; fileRef = 18E6A5B01BC545D500E67C26 /* HSHeadPictureView.m */; };
		18E60F861BBFF3B600BDE6FD /* HSAccount.m in Sources */ = {isa = PBXBuildFile; fileRef = 18E60F851BBFF3B600BDE6FD /* HSAccount.m */; settings = {ASSET_TAGS = (); }; };
		18E60F8A1BBFFA3900BDE6FD /* HSAccountTool.m in Sources */ = {isa = PBXBuildFile; fileRef = 18E60F891BBFFA3900BDE6FD /* HSAccountTool.m */; settings = {ASSET_TAGS = (); }; };
		18E60F8D1BC0F90900BDE6FD /* HSOrangeButton.m in Sources */ = {isa = PBXBuildFile; fileRef = 18E60F8C1BC0F90900BDE6FD /* HSOrangeButton.m */; settings = {ASSET_TAGS = (); }; };
		18E60F941BC1027800BDE6FD /* HSVerify.m in Sources */ = {isa = PBXBuildFile; fileRef = 18E60F931BC1027800BDE6FD /* HSVerify.m */; settings = {ASSET_TAGS = (); }; };
		18E60F9B1BC102F900BDE6FD /* XBConst.m in Sources */ = {isa = PBXBuildFile; fileRef = 18E60F9A1BC102F900BDE6FD /* XBConst.m */; settings = {ASSET_TAGS = (); }; };
		18E60F9E1BC10F9200BDE6FD /* HSFinalRegistViewController.m in Sources */ = {isa = PBXBuildFile; fileRef = 18E60F9D1BC10F9200BDE6FD /* HSFinalRegistViewController.m */; settings = {ASSET_TAGS = (); }; };
		18E60FA11BC1281500BDE6FD /* HSPickerView.m in Sources */ = {isa = PBXBuildFile; fileRef = 18E60FA01BC1281500BDE6FD /* HSPickerView.m */; settings = {ASSET_TAGS = (); }; };
		18E6A5AE1BC517EE00E67C26 /* Test2 in Resources */ = {isa = PBXBuildFile; fileRef = 18E6A5AD1BC517EE00E67C26 /* Test2 */; settings = {ASSET_TAGS = (); }; };
		18E6A5B71BC55B8900E67C26 /* UIImage+CircleCilp.m in Sources */ = {isa = PBXBuildFile; fileRef = 18E6A5B61BC55B8900E67C26 /* UIImage+CircleCilp.m */; settings = {ASSET_TAGS = (); }; };
		18E6A5BA1BC6188B00E67C26 /* UIImage+SquareImage.m in Sources */ = {isa = PBXBuildFile; fileRef = 18E6A5B91BC6188B00E67C26 /* UIImage+SquareImage.m */; settings = {ASSET_TAGS = (); }; };
		18EC05E01BCB601E00039AF0 /* HSFatherTableViewController.m in Sources */ = {isa = PBXBuildFile; fileRef = 18EC05DF1BCB601E00039AF0 /* HSFatherTableViewController.m */; settings = {ASSET_TAGS = (); }; };
		18EC05FF1BCCB46A00039AF0 /* HSServiceOrder.m in Sources */ = {isa = PBXBuildFile; fileRef = 18EC05FE1BCCB46A00039AF0 /* HSServiceOrder.m */; settings = {ASSET_TAGS = (); }; };
		18EC06031BCCB87B00039AF0 /* HSReceiveViewController.m in Sources */ = {isa = PBXBuildFile; fileRef = 18EC06021BCCB87B00039AF0 /* HSReceiveViewController.m */; settings = {ASSET_TAGS = (); }; };
		18EC060A1BCD021600039AF0 /* HSOrderCell.xib in Resources */ = {isa = PBXBuildFile; fileRef = 18EC06091BCD021600039AF0 /* HSOrderCell.xib */; settings = {ASSET_TAGS = (); }; };
		18EC06101BCD310400039AF0 /* HSOrderCell.m in Sources */ = {isa = PBXBuildFile; fileRef = 18EC060F1BCD310400039AF0 /* HSOrderCell.m */; settings = {ASSET_TAGS = (); }; };
		18EC06171BCE6ED100039AF0 /* HSOrderDetailsViewController.m in Sources */ = {isa = PBXBuildFile; fileRef = 18EC06161BCE6ED100039AF0 /* HSOrderDetailsViewController.m */; settings = {ASSET_TAGS = (); }; };
		18EC061E1BCEA2AA00039AF0 /* HSOrderCommentViewController.m in Sources */ = {isa = PBXBuildFile; fileRef = 18EC061D1BCEA2AA00039AF0 /* HSOrderCommentViewController.m */; settings = {ASSET_TAGS = (); }; };
		18EC06221BCEA92B00039AF0 /* HSOrderCommentCell.m in Sources */ = {isa = PBXBuildFile; fileRef = 18EC06201BCEA92B00039AF0 /* HSOrderCommentCell.m */; settings = {ASSET_TAGS = (); }; };
		18EC06281BCEA99200039AF0 /* HSOrderBaseViewController.m in Sources */ = {isa = PBXBuildFile; fileRef = 18EC06271BCEA99200039AF0 /* HSOrderBaseViewController.m */; settings = {ASSET_TAGS = (); }; };
		18EC062C1BCEB0E000039AF0 /* HSOrderCommentCell.xib in Resources */ = {isa = PBXBuildFile; fileRef = 18EC062B1BCEB0E000039AF0 /* HSOrderCommentCell.xib */; settings = {ASSET_TAGS = (); }; };
		18F5AE521BB682F800BB5B49 /* HSChangPwdViewController.m in Sources */ = {isa = PBXBuildFile; fileRef = 18F5AE511BB682F800BB5B49 /* HSChangPwdViewController.m */; };
		18F5AE551BB68E9500BB5B49 /* HSInfoTextFieldItem.m in Sources */ = {isa = PBXBuildFile; fileRef = 18F5AE541BB68E9500BB5B49 /* HSInfoTextFieldItem.m */; };
		18FBD9691BBC084E00EC98F5 /* HSRegistViewController.m in Sources */ = {isa = PBXBuildFile; fileRef = 18FBD9681BBC084E00EC98F5 /* HSRegistViewController.m */; };
		7467A87A952F060DAB84259B /* libPods.a in Frameworks */ = {isa = PBXBuildFile; fileRef = 9A9BA1B7DA5E229355C79280 /* libPods.a */; };
/* End PBXBuildFile section */

/* Begin PBXContainerItemProxy section */
		188A207E1BAF8FCD00E4D570 /* PBXContainerItemProxy */ = {
			isa = PBXContainerItemProxy;
			containerPortal = 188A205C1BAF8FCD00E4D570 /* Project object */;
			proxyType = 1;
			remoteGlobalIDString = 188A20631BAF8FCD00E4D570;
			remoteInfo = HousekeepingServer;
		};
/* End PBXContainerItemProxy section */

/* Begin PBXFileReference section */
		18081BF31BC15E5A000011AE /* Test.rtf */ = {isa = PBXFileReference; fileEncoding = 4; lastKnownFileType = text.rtf; path = Test.rtf; sourceTree = "<group>"; };
		18081BF51BC24702000011AE /* CoreLocation.framework */ = {isa = PBXFileReference; lastKnownFileType = wrapper.framework; name = CoreLocation.framework; path = System/Library/Frameworks/CoreLocation.framework; sourceTree = SDKROOT; };
		18081BF71BC256FD000011AE /* LaunchScreen.xib */ = {isa = PBXFileReference; fileEncoding = 4; lastKnownFileType = file.xib; path = LaunchScreen.xib; sourceTree = "<group>"; };
		18081BFC1BC26764000011AE /* HSHTTPRequestOperationManager.h */ = {isa = PBXFileReference; fileEncoding = 4; lastKnownFileType = sourcecode.c.h; path = HSHTTPRequestOperationManager.h; sourceTree = "<group>"; };
		18081BFD1BC26764000011AE /* HSHTTPRequestOperationManager.m */ = {isa = PBXFileReference; fileEncoding = 4; lastKnownFileType = sourcecode.c.objc; path = HSHTTPRequestOperationManager.m; sourceTree = "<group>"; };
		1810BF721BB6DC8300D33FA0 /* HSInfoTableViewCell.h */ = {isa = PBXFileReference; fileEncoding = 4; lastKnownFileType = sourcecode.c.h; path = HSInfoTableViewCell.h; sourceTree = "<group>"; };
		1810BF731BB6DC8300D33FA0 /* HSInfoTableViewCell.m */ = {isa = PBXFileReference; fileEncoding = 4; lastKnownFileType = sourcecode.c.objc; path = HSInfoTableViewCell.m; sourceTree = "<group>"; };
		1810BF751BB6DC8300D33FA0 /* HSInfoHeaderView.h */ = {isa = PBXFileReference; fileEncoding = 4; lastKnownFileType = sourcecode.c.h; path = HSInfoHeaderView.h; sourceTree = "<group>"; };
		1810BF761BB6DC8300D33FA0 /* HSInfoHeaderView.m */ = {isa = PBXFileReference; fileEncoding = 4; lastKnownFileType = sourcecode.c.objc; path = HSInfoHeaderView.m; sourceTree = "<group>"; };
		1810BF781BB6DC8300D33FA0 /* HSNoBorderTextField.h */ = {isa = PBXFileReference; fileEncoding = 4; lastKnownFileType = sourcecode.c.h; path = HSNoBorderTextField.h; sourceTree = "<group>"; };
		1810BF791BB6DC8300D33FA0 /* HSNoBorderTextField.m */ = {isa = PBXFileReference; fileEncoding = 4; lastKnownFileType = sourcecode.c.objc; path = HSNoBorderTextField.m; sourceTree = "<group>"; };
		1810BF831BB6DDC800D33FA0 /* UIImage+HSResizingImage.h */ = {isa = PBXFileReference; fileEncoding = 4; lastKnownFileType = sourcecode.c.h; path = "UIImage+HSResizingImage.h"; sourceTree = "<group>"; };
		1810BF841BB6DDC800D33FA0 /* UIImage+HSResizingImage.m */ = {isa = PBXFileReference; fileEncoding = 4; lastKnownFileType = sourcecode.c.objc; path = "UIImage+HSResizingImage.m"; sourceTree = "<group>"; };
		1810BF861BB6DE0F00D33FA0 /* HSInfoFooterView.h */ = {isa = PBXFileReference; fileEncoding = 4; lastKnownFileType = sourcecode.c.h; path = HSInfoFooterView.h; sourceTree = "<group>"; };
		1810BF871BB6DE0F00D33FA0 /* HSInfoFooterView.m */ = {isa = PBXFileReference; fileEncoding = 4; lastKnownFileType = sourcecode.c.objc; path = HSInfoFooterView.m; sourceTree = "<group>"; };
		18151CAB1BAFC0700040CA80 /* HSTabBar.h */ = {isa = PBXFileReference; fileEncoding = 4; lastKnownFileType = sourcecode.c.h; path = HSTabBar.h; sourceTree = "<group>"; };
		18151CAC1BAFC0700040CA80 /* HSTabBar.m */ = {isa = PBXFileReference; fileEncoding = 4; lastKnownFileType = sourcecode.c.objc; path = HSTabBar.m; sourceTree = "<group>"; };
		1821618B1BC4B27100EAA41A /* citydata.plist */ = {isa = PBXFileReference; fileEncoding = 4; lastKnownFileType = text.plist.xml; path = citydata.plist; sourceTree = "<group>"; };
		183397C21BB7E833002EAC65 /* Reveal.framework */ = {isa = PBXFileReference; lastKnownFileType = wrapper.framework; path = Reveal.framework; sourceTree = "<group>"; };
		183398131BB968C5002EAC65 /* HSMineKeys.h */ = {isa = PBXFileReference; fileEncoding = 4; lastKnownFileType = sourcecode.c.h; path = HSMineKeys.h; sourceTree = "<group>"; };
		183398141BB968C5002EAC65 /* HSMineKeys.m */ = {isa = PBXFileReference; fileEncoding = 4; lastKnownFileType = sourcecode.c.objc; path = HSMineKeys.m; sourceTree = "<group>"; };
		183398151BB968C5002EAC65 /* HSMineTool.h */ = {isa = PBXFileReference; fileEncoding = 4; lastKnownFileType = sourcecode.c.h; path = HSMineTool.h; sourceTree = "<group>"; };
		183398161BB968C5002EAC65 /* HSMineTool.m */ = {isa = PBXFileReference; fileEncoding = 4; lastKnownFileType = sourcecode.c.objc; path = HSMineTool.m; sourceTree = "<group>"; };
		183398191BB969C0002EAC65 /* HSInfoValueItem.h */ = {isa = PBXFileReference; fileEncoding = 4; lastKnownFileType = sourcecode.c.h; path = HSInfoValueItem.h; sourceTree = "<group>"; };
		1833981A1BB969C0002EAC65 /* HSInfoValueItem.m */ = {isa = PBXFileReference; fileEncoding = 4; lastKnownFileType = sourcecode.c.objc; path = HSInfoValueItem.m; sourceTree = "<group>"; };
		1833981C1BB9A187002EAC65 /* HSInfoLableItem.h */ = {isa = PBXFileReference; fileEncoding = 4; lastKnownFileType = sourcecode.c.h; path = HSInfoLableItem.h; sourceTree = "<group>"; };
		1833981D1BB9A187002EAC65 /* HSInfoLableItem.m */ = {isa = PBXFileReference; fileEncoding = 4; lastKnownFileType = sourcecode.c.objc; path = HSInfoLableItem.m; sourceTree = "<group>"; };
		184324151BBAB011001E2F69 /* HSToolBarButton.h */ = {isa = PBXFileReference; fileEncoding = 4; lastKnownFileType = sourcecode.c.h; path = HSToolBarButton.h; sourceTree = "<group>"; };
		184324161BBAB011001E2F69 /* HSToolBarButton.m */ = {isa = PBXFileReference; fileEncoding = 4; lastKnownFileType = sourcecode.c.objc; path = HSToolBarButton.m; sourceTree = "<group>"; };
		1843241D1BBAB338001E2F69 /* HSDatePickerView.h */ = {isa = PBXFileReference; fileEncoding = 4; lastKnownFileType = sourcecode.c.h; path = HSDatePickerView.h; sourceTree = "<group>"; };
		1843241E1BBAB338001E2F69 /* HSDatePickerView.m */ = {isa = PBXFileReference; fileEncoding = 4; lastKnownFileType = sourcecode.c.objc; path = HSDatePickerView.m; sourceTree = "<group>"; };
		184324591BBB83E3001E2F69 /* HSLoginViewController.h */ = {isa = PBXFileReference; fileEncoding = 4; lastKnownFileType = sourcecode.c.h; path = HSLoginViewController.h; sourceTree = "<group>"; };
		1843245A1BBB83E3001E2F69 /* HSLoginViewController.m */ = {isa = PBXFileReference; fileEncoding = 4; lastKnownFileType = sourcecode.c.objc; path = HSLoginViewController.m; sourceTree = "<group>"; };
		1843245C1BBB9178001E2F69 /* HSLoginHeaderView.h */ = {isa = PBXFileReference; fileEncoding = 4; lastKnownFileType = sourcecode.c.h; path = HSLoginHeaderView.h; sourceTree = "<group>"; };
		1843245D1BBB9178001E2F69 /* HSLoginHeaderView.m */ = {isa = PBXFileReference; fileEncoding = 4; lastKnownFileType = sourcecode.c.objc; path = HSLoginHeaderView.m; sourceTree = "<group>"; };
		1843245F1BBB9370001E2F69 /* HSLoginFooterView.h */ = {isa = PBXFileReference; fileEncoding = 4; lastKnownFileType = sourcecode.c.h; path = HSLoginFooterView.h; sourceTree = "<group>"; };
		184324601BBB9370001E2F69 /* HSLoginFooterView.m */ = {isa = PBXFileReference; fileEncoding = 4; lastKnownFileType = sourcecode.c.objc; path = HSLoginFooterView.m; sourceTree = "<group>"; };
		184DFFA91BC65BA300CDB9E6 /* HSServant.h */ = {isa = PBXFileReference; fileEncoding = 4; lastKnownFileType = sourcecode.c.h; path = HSServant.h; sourceTree = "<group>"; };
		184DFFAA1BC65BA300CDB9E6 /* HSServant.m */ = {isa = PBXFileReference; fileEncoding = 4; lastKnownFileType = sourcecode.c.objc; path = HSServant.m; sourceTree = "<group>"; };
		184DFFAC1BC662C500CDB9E6 /* HSServantTool.h */ = {isa = PBXFileReference; fileEncoding = 4; lastKnownFileType = sourcecode.c.h; path = HSServantTool.h; sourceTree = "<group>"; };
		184DFFAD1BC662C500CDB9E6 /* HSServantTool.m */ = {isa = PBXFileReference; fileEncoding = 4; lastKnownFileType = sourcecode.c.objc; path = HSServantTool.m; sourceTree = "<group>"; };
		184DFFAF1BC68D7500CDB9E6 /* HSCollectionView.h */ = {isa = PBXFileReference; fileEncoding = 4; lastKnownFileType = sourcecode.c.h; path = HSCollectionView.h; sourceTree = "<group>"; };
		184DFFB01BC68D7500CDB9E6 /* HSCollectionView.m */ = {isa = PBXFileReference; fileEncoding = 4; lastKnownFileType = sourcecode.c.objc; path = HSCollectionView.m; sourceTree = "<group>"; };
		184DFFB21BC6964100CDB9E6 /* HSCollectionViewCell.h */ = {isa = PBXFileReference; fileEncoding = 4; lastKnownFileType = sourcecode.c.h; path = HSCollectionViewCell.h; sourceTree = "<group>"; };
		184DFFB31BC6964100CDB9E6 /* HSCollectionViewCell.m */ = {isa = PBXFileReference; fileEncoding = 4; lastKnownFileType = sourcecode.c.objc; path = HSCollectionViewCell.m; sourceTree = "<group>"; };
		186DC5671BC8B520007887F9 /* HSDeclareCell.xib */ = {isa = PBXFileReference; fileEncoding = 4; lastKnownFileType = file.xib; path = HSDeclareCell.xib; sourceTree = "<group>"; };
		186DEA511BAFF902008C465F /* HSTabBarButton.h */ = {isa = PBXFileReference; fileEncoding = 4; lastKnownFileType = sourcecode.c.h; path = HSTabBarButton.h; sourceTree = "<group>"; };
		186DEA521BAFF902008C465F /* HSTabBarButton.m */ = {isa = PBXFileReference; fileEncoding = 4; lastKnownFileType = sourcecode.c.objc; path = HSTabBarButton.m; sourceTree = "<group>"; };
		186DEA541BB001B6008C465F /* HSNavigationViewController.h */ = {isa = PBXFileReference; fileEncoding = 4; lastKnownFileType = sourcecode.c.h; path = HSNavigationViewController.h; sourceTree = "<group>"; };
		186DEA551BB001B6008C465F /* HSNavigationViewController.m */ = {isa = PBXFileReference; fileEncoding = 4; lastKnownFileType = sourcecode.c.objc; path = HSNavigationViewController.m; sourceTree = "<group>"; };
		186DEA571BB02A02008C465F /* city.plist */ = {isa = PBXFileReference; lastKnownFileType = file.bplist; name = city.plist; path = ../../city.plist; sourceTree = "<group>"; };
		186DEA581BB02A02008C465F /* region.plist */ = {isa = PBXFileReference; fileEncoding = 4; lastKnownFileType = text.plist.xml; name = region.plist; path = ../../region.plist; sourceTree = "<group>"; };
		186DEA5E1BB02B24008C465F /* HSNavBarBtn.h */ = {isa = PBXFileReference; fileEncoding = 4; lastKnownFileType = sourcecode.c.h; path = HSNavBarBtn.h; sourceTree = "<group>"; };
		186DEA5F1BB02B24008C465F /* HSNavBarBtn.m */ = {isa = PBXFileReference; fileEncoding = 4; lastKnownFileType = sourcecode.c.objc; path = HSNavBarBtn.m; sourceTree = "<group>"; };
		187630AF1BB546670037F124 /* UIView+SetFrame.h */ = {isa = PBXFileReference; fileEncoding = 4; lastKnownFileType = sourcecode.c.h; path = "UIView+SetFrame.h"; sourceTree = "<group>"; };
		187630B01BB546670037F124 /* UIView+SetFrame.m */ = {isa = PBXFileReference; fileEncoding = 4; lastKnownFileType = sourcecode.c.objc; path = "UIView+SetFrame.m"; sourceTree = "<group>"; };
		187631001BB56E150037F124 /* HSAllViewController.h */ = {isa = PBXFileReference; fileEncoding = 4; lastKnownFileType = sourcecode.c.h; path = HSAllViewController.h; sourceTree = "<group>"; };
		187631011BB56E150037F124 /* HSAllViewController.m */ = {isa = PBXFileReference; fileEncoding = 4; lastKnownFileType = sourcecode.c.objc; path = HSAllViewController.m; sourceTree = "<group>"; };
		187631021BB56E150037F124 /* HSServiceListViewController.h */ = {isa = PBXFileReference; fileEncoding = 4; lastKnownFileType = sourcecode.c.h; path = HSServiceListViewController.h; sourceTree = "<group>"; };
		187631031BB56E150037F124 /* HSServiceListViewController.m */ = {isa = PBXFileReference; fileEncoding = 4; lastKnownFileType = sourcecode.c.objc; path = HSServiceListViewController.m; sourceTree = "<group>"; };
		187631051BB56E150037F124 /* HSServedViewController.h */ = {isa = PBXFileReference; fileEncoding = 4; lastKnownFileType = sourcecode.c.h; path = HSServedViewController.h; sourceTree = "<group>"; };
		187631061BB56E150037F124 /* HSServedViewController.m */ = {isa = PBXFileReference; fileEncoding = 4; lastKnownFileType = sourcecode.c.objc; path = HSServedViewController.m; sourceTree = "<group>"; };
		187631081BB56E150037F124 /* HSServingViewController.h */ = {isa = PBXFileReference; fileEncoding = 4; lastKnownFileType = sourcecode.c.h; path = HSServingViewController.h; sourceTree = "<group>"; };
		187631091BB56E150037F124 /* HSServingViewController.m */ = {isa = PBXFileReference; fileEncoding = 4; lastKnownFileType = sourcecode.c.objc; path = HSServingViewController.m; sourceTree = "<group>"; };
		1876310B1BB56E150037F124 /* HSUnpayedViewController.h */ = {isa = PBXFileReference; fileEncoding = 4; lastKnownFileType = sourcecode.c.h; path = HSUnpayedViewController.h; sourceTree = "<group>"; };
		1876310C1BB56E150037F124 /* HSUnpayedViewController.m */ = {isa = PBXFileReference; fileEncoding = 4; lastKnownFileType = sourcecode.c.objc; path = HSUnpayedViewController.m; sourceTree = "<group>"; };
		1876310D1BB56E150037F124 /* XBScrollPageController.h */ = {isa = PBXFileReference; fileEncoding = 4; lastKnownFileType = sourcecode.c.h; path = XBScrollPageController.h; sourceTree = "<group>"; };
		1876310E1BB56E150037F124 /* XBScrollPageController.m */ = {isa = PBXFileReference; fileEncoding = 4; lastKnownFileType = sourcecode.c.objc; path = XBScrollPageController.m; sourceTree = "<group>"; };
		187631101BB56E150037F124 /* XBTagTitleModel.h */ = {isa = PBXFileReference; fileEncoding = 4; lastKnownFileType = sourcecode.c.h; path = XBTagTitleModel.h; sourceTree = "<group>"; };
		187631111BB56E150037F124 /* XBTagTitleModel.m */ = {isa = PBXFileReference; fileEncoding = 4; lastKnownFileType = sourcecode.c.objc; path = XBTagTitleModel.m; sourceTree = "<group>"; };
		187631131BB56E150037F124 /* XBPageCell.h */ = {isa = PBXFileReference; fileEncoding = 4; lastKnownFileType = sourcecode.c.h; path = XBPageCell.h; sourceTree = "<group>"; };
		187631141BB56E150037F124 /* XBPageCell.m */ = {isa = PBXFileReference; fileEncoding = 4; lastKnownFileType = sourcecode.c.objc; path = XBPageCell.m; sourceTree = "<group>"; };
		187631151BB56E150037F124 /* XBTagTitleCell.h */ = {isa = PBXFileReference; fileEncoding = 4; lastKnownFileType = sourcecode.c.h; path = XBTagTitleCell.h; sourceTree = "<group>"; };
		187631161BB56E150037F124 /* XBTagTitleCell.m */ = {isa = PBXFileReference; fileEncoding = 4; lastKnownFileType = sourcecode.c.objc; path = XBTagTitleCell.m; sourceTree = "<group>"; };
		187631241BB628260037F124 /* HSBaseViewController.h */ = {isa = PBXFileReference; fileEncoding = 4; lastKnownFileType = sourcecode.c.h; path = HSBaseViewController.h; sourceTree = "<group>"; };
		187631251BB628260037F124 /* HSBaseViewController.m */ = {isa = PBXFileReference; fileEncoding = 4; lastKnownFileType = sourcecode.c.objc; path = HSBaseViewController.m; sourceTree = "<group>"; };
		1876312D1BB62C9E0037F124 /* HSInfoItem.h */ = {isa = PBXFileReference; fileEncoding = 4; lastKnownFileType = sourcecode.c.h; path = HSInfoItem.h; sourceTree = "<group>"; };
		1876312E1BB62C9E0037F124 /* HSInfoItem.m */ = {isa = PBXFileReference; fileEncoding = 4; lastKnownFileType = sourcecode.c.objc; path = HSInfoItem.m; sourceTree = "<group>"; };
		187631301BB62CC90037F124 /* HSInfoGroup.h */ = {isa = PBXFileReference; fileEncoding = 4; lastKnownFileType = sourcecode.c.h; path = HSInfoGroup.h; sourceTree = "<group>"; };
		187631311BB62CC90037F124 /* HSInfoGroup.m */ = {isa = PBXFileReference; fileEncoding = 4; lastKnownFileType = sourcecode.c.objc; path = HSInfoGroup.m; sourceTree = "<group>"; };
		1876313D1BB6308E0037F124 /* HSInfoArrowItem.h */ = {isa = PBXFileReference; fileEncoding = 4; lastKnownFileType = sourcecode.c.h; path = HSInfoArrowItem.h; sourceTree = "<group>"; };
		1876313E1BB6308E0037F124 /* HSInfoArrowItem.m */ = {isa = PBXFileReference; fileEncoding = 4; lastKnownFileType = sourcecode.c.objc; path = HSInfoArrowItem.m; sourceTree = "<group>"; };
		187631441BB6352F0037F124 /* HSAboutViewController.h */ = {isa = PBXFileReference; fileEncoding = 4; lastKnownFileType = sourcecode.c.h; path = HSAboutViewController.h; sourceTree = "<group>"; };
		187631451BB6352F0037F124 /* HSAboutViewController.m */ = {isa = PBXFileReference; fileEncoding = 4; lastKnownFileType = sourcecode.c.objc; path = HSAboutViewController.m; sourceTree = "<group>"; };
		187631471BB635450037F124 /* HSBasicInfoViewController.h */ = {isa = PBXFileReference; fileEncoding = 4; lastKnownFileType = sourcecode.c.h; path = HSBasicInfoViewController.h; sourceTree = "<group>"; };
		187631481BB635450037F124 /* HSBasicInfoViewController.m */ = {isa = PBXFileReference; fileEncoding = 4; lastKnownFileType = sourcecode.c.objc; path = HSBasicInfoViewController.m; sourceTree = "<group>"; };
		1876314D1BB635720037F124 /* HSSettingViewController.h */ = {isa = PBXFileReference; fileEncoding = 4; lastKnownFileType = sourcecode.c.h; path = HSSettingViewController.h; sourceTree = "<group>"; };
		1876314E1BB635720037F124 /* HSSettingViewController.m */ = {isa = PBXFileReference; fileEncoding = 4; lastKnownFileType = sourcecode.c.objc; path = HSSettingViewController.m; sourceTree = "<group>"; };
		187DC7B51BC7A56100FF8AAF /* MBProgressHUD+MJ.h */ = {isa = PBXFileReference; fileEncoding = 4; lastKnownFileType = sourcecode.c.h; path = "MBProgressHUD+MJ.h"; sourceTree = "<group>"; };
		187DC7B61BC7A56100FF8AAF /* MBProgressHUD+MJ.m */ = {isa = PBXFileReference; fileEncoding = 4; lastKnownFileType = sourcecode.c.objc; path = "MBProgressHUD+MJ.m"; sourceTree = "<group>"; };
		187DC7B71BC7A56100FF8AAF /* MBProgressHUD.bundle */ = {isa = PBXFileReference; lastKnownFileType = "wrapper.plug-in"; path = MBProgressHUD.bundle; sourceTree = "<group>"; };
		187DC7B81BC7A56100FF8AAF /* MBProgressHUD.h */ = {isa = PBXFileReference; fileEncoding = 4; lastKnownFileType = sourcecode.c.h; path = MBProgressHUD.h; sourceTree = "<group>"; };
		187DC7B91BC7A56100FF8AAF /* MBProgressHUD.m */ = {isa = PBXFileReference; fileEncoding = 4; lastKnownFileType = sourcecode.c.objc; path = MBProgressHUD.m; sourceTree = "<group>"; };
		187DC7C01BC7A84B00FF8AAF /* HSRefreshButton.h */ = {isa = PBXFileReference; fileEncoding = 4; lastKnownFileType = sourcecode.c.h; path = HSRefreshButton.h; sourceTree = "<group>"; };
		187DC7C11BC7A84B00FF8AAF /* HSRefreshButton.m */ = {isa = PBXFileReference; fileEncoding = 4; lastKnownFileType = sourcecode.c.objc; path = HSRefreshButton.m; sourceTree = "<group>"; };
		187DC7C31BC7BAE900FF8AAF /* HSSubServiceViewController.h */ = {isa = PBXFileReference; fileEncoding = 4; lastKnownFileType = sourcecode.c.h; path = HSSubServiceViewController.h; sourceTree = "<group>"; };
		187DC7C41BC7BAE900FF8AAF /* HSSubServiceViewController.m */ = {isa = PBXFileReference; fileEncoding = 4; lastKnownFileType = sourcecode.c.objc; path = HSSubServiceViewController.m; sourceTree = "<group>"; };
		187DC7E41BC7F5FE00FF8AAF /* HSCity.h */ = {isa = PBXFileReference; fileEncoding = 4; lastKnownFileType = sourcecode.c.h; path = HSCity.h; sourceTree = "<group>"; };
		187DC7E51BC7F5FE00FF8AAF /* HSCity.m */ = {isa = PBXFileReference; fileEncoding = 4; lastKnownFileType = sourcecode.c.objc; path = HSCity.m; sourceTree = "<group>"; };
		187DC7E61BC7F5FE00FF8AAF /* HSCoveredCountry.h */ = {isa = PBXFileReference; fileEncoding = 4; lastKnownFileType = sourcecode.c.h; path = HSCoveredCountry.h; sourceTree = "<group>"; };
		187DC7E71BC7F5FE00FF8AAF /* HSCoveredCountry.m */ = {isa = PBXFileReference; fileEncoding = 4; lastKnownFileType = sourcecode.c.objc; path = HSCoveredCountry.m; sourceTree = "<group>"; };
		187DC7E81BC7F5FE00FF8AAF /* HSProvince.h */ = {isa = PBXFileReference; fileEncoding = 4; lastKnownFileType = sourcecode.c.h; path = HSProvince.h; sourceTree = "<group>"; };
		187DC7E91BC7F5FE00FF8AAF /* HSProvince.m */ = {isa = PBXFileReference; fileEncoding = 4; lastKnownFileType = sourcecode.c.objc; path = HSProvince.m; sourceTree = "<group>"; };
		187DC7EA1BC7F5FE00FF8AAF /* HSRegion.h */ = {isa = PBXFileReference; fileEncoding = 4; lastKnownFileType = sourcecode.c.h; path = HSRegion.h; sourceTree = "<group>"; };
		187DC7EB1BC7F5FE00FF8AAF /* HSRegion.m */ = {isa = PBXFileReference; fileEncoding = 4; lastKnownFileType = sourcecode.c.objc; path = HSRegion.m; sourceTree = "<group>"; };
		187DC7ED1BC7F5FE00FF8AAF /* HSServiceDeclare.h */ = {isa = PBXFileReference; fileEncoding = 4; lastKnownFileType = sourcecode.c.h; path = HSServiceDeclare.h; sourceTree = "<group>"; };
		187DC7EE1BC7F5FE00FF8AAF /* HSServiceDeclare.m */ = {isa = PBXFileReference; fileEncoding = 4; lastKnownFileType = sourcecode.c.objc; path = HSServiceDeclare.m; sourceTree = "<group>"; };
		187DC7F01BC7F5FE00FF8AAF /* HSService.h */ = {isa = PBXFileReference; fileEncoding = 4; lastKnownFileType = sourcecode.c.h; path = HSService.h; sourceTree = "<group>"; };
		187DC7F11BC7F5FE00FF8AAF /* HSService.m */ = {isa = PBXFileReference; fileEncoding = 4; lastKnownFileType = sourcecode.c.objc; path = HSService.m; sourceTree = "<group>"; };
		187DC7F21BC7F5FE00FF8AAF /* HSSubService.h */ = {isa = PBXFileReference; fileEncoding = 4; lastKnownFileType = sourcecode.c.h; path = HSSubService.h; sourceTree = "<group>"; };
		187DC7F31BC7F5FE00FF8AAF /* HSSubService.m */ = {isa = PBXFileReference; fileEncoding = 4; lastKnownFileType = sourcecode.c.objc; path = HSSubService.m; sourceTree = "<group>"; };
		187DC7FB1BC89B8900FF8AAF /* HSDeclareCell.h */ = {isa = PBXFileReference; fileEncoding = 4; lastKnownFileType = sourcecode.c.h; path = HSDeclareCell.h; sourceTree = "<group>"; };
		187DC7FC1BC89B8900FF8AAF /* HSDeclareCell.m */ = {isa = PBXFileReference; fileEncoding = 4; lastKnownFileType = sourcecode.c.objc; path = HSDeclareCell.m; sourceTree = "<group>"; };
		188A20641BAF8FCD00E4D570 /* HousekeepingServer.app */ = {isa = PBXFileReference; explicitFileType = wrapper.application; includeInIndex = 0; path = HousekeepingServer.app; sourceTree = BUILT_PRODUCTS_DIR; };
		188A20681BAF8FCD00E4D570 /* Info.plist */ = {isa = PBXFileReference; lastKnownFileType = text.plist.xml; path = Info.plist; sourceTree = "<group>"; };
		188A20691BAF8FCD00E4D570 /* main.m */ = {isa = PBXFileReference; lastKnownFileType = sourcecode.c.objc; path = main.m; sourceTree = "<group>"; };
		188A20741BAF8FCD00E4D570 /* Images.xcassets */ = {isa = PBXFileReference; lastKnownFileType = folder.assetcatalog; path = Images.xcassets; sourceTree = "<group>"; };
		188A207D1BAF8FCD00E4D570 /* HousekeepingServerTests.xctest */ = {isa = PBXFileReference; explicitFileType = wrapper.cfbundle; includeInIndex = 0; path = HousekeepingServerTests.xctest; sourceTree = BUILT_PRODUCTS_DIR; };
		188A20821BAF8FCD00E4D570 /* Info.plist */ = {isa = PBXFileReference; lastKnownFileType = text.plist.xml; path = Info.plist; sourceTree = "<group>"; };
		188A20831BAF8FCD00E4D570 /* HousekeepingServerTests.m */ = {isa = PBXFileReference; lastKnownFileType = sourcecode.c.objc; path = HousekeepingServerTests.m; sourceTree = "<group>"; };
		188A20901BAF90A900E4D570 /* HSGrabViewController.h */ = {isa = PBXFileReference; fileEncoding = 4; lastKnownFileType = sourcecode.c.h; path = HSGrabViewController.h; sourceTree = "<group>"; };
		188A20911BAF90A900E4D570 /* HSGrabViewController.m */ = {isa = PBXFileReference; fileEncoding = 4; lastKnownFileType = sourcecode.c.objc; path = HSGrabViewController.m; sourceTree = "<group>"; };
		188A209C1BAF90A900E4D570 /* HSTabBarViewController.h */ = {isa = PBXFileReference; fileEncoding = 4; lastKnownFileType = sourcecode.c.h; path = HSTabBarViewController.h; sourceTree = "<group>"; };
		188A209D1BAF90A900E4D570 /* HSTabBarViewController.m */ = {isa = PBXFileReference; fileEncoding = 4; lastKnownFileType = sourcecode.c.objc; path = HSTabBarViewController.m; sourceTree = "<group>"; };
		188A20A21BAF90A900E4D570 /* HSMineViewController.h */ = {isa = PBXFileReference; fileEncoding = 4; lastKnownFileType = sourcecode.c.h; path = HSMineViewController.h; sourceTree = "<group>"; };
		188A20A31BAF90A900E4D570 /* HSMineViewController.m */ = {isa = PBXFileReference; fileEncoding = 4; lastKnownFileType = sourcecode.c.objc; path = HSMineViewController.m; sourceTree = "<group>"; };
		188A20A71BAF90A900E4D570 /* AppDelegate.h */ = {isa = PBXFileReference; fileEncoding = 4; lastKnownFileType = sourcecode.c.h; path = AppDelegate.h; sourceTree = "<group>"; };
		188A20A81BAF90A900E4D570 /* AppDelegate.m */ = {isa = PBXFileReference; fileEncoding = 4; lastKnownFileType = sourcecode.c.objc; path = AppDelegate.m; sourceTree = "<group>"; };
		189B50D91BCA6A3200C516FE /* HSRefreshLab.h */ = {isa = PBXFileReference; fileEncoding = 4; lastKnownFileType = sourcecode.c.h; path = HSRefreshLab.h; sourceTree = "<group>"; };
		189B50DA1BCA6A3200C516FE /* HSRefreshLab.m */ = {isa = PBXFileReference; fileEncoding = 4; lastKnownFileType = sourcecode.c.objc; path = HSRefreshLab.m; sourceTree = "<group>"; };
		18E60F841BBFF3B600BDE6FD /* HSAccount.h */ = {isa = PBXFileReference; fileEncoding = 4; lastKnownFileType = sourcecode.c.h; path = HSAccount.h; sourceTree = "<group>"; };
		18E60F851BBFF3B600BDE6FD /* HSAccount.m */ = {isa = PBXFileReference; fileEncoding = 4; lastKnownFileType = sourcecode.c.objc; path = HSAccount.m; sourceTree = "<group>"; };
		18E60F881BBFFA3900BDE6FD /* HSAccountTool.h */ = {isa = PBXFileReference; fileEncoding = 4; lastKnownFileType = sourcecode.c.h; path = HSAccountTool.h; sourceTree = "<group>"; };
		18E60F891BBFFA3900BDE6FD /* HSAccountTool.m */ = {isa = PBXFileReference; fileEncoding = 4; lastKnownFileType = sourcecode.c.objc; path = HSAccountTool.m; sourceTree = "<group>"; };
		18E60F8B1BC0F90900BDE6FD /* HSOrangeButton.h */ = {isa = PBXFileReference; fileEncoding = 4; lastKnownFileType = sourcecode.c.h; path = HSOrangeButton.h; sourceTree = "<group>"; };
		18E60F8C1BC0F90900BDE6FD /* HSOrangeButton.m */ = {isa = PBXFileReference; fileEncoding = 4; lastKnownFileType = sourcecode.c.objc; path = HSOrangeButton.m; sourceTree = "<group>"; };
		18E60F921BC1027800BDE6FD /* HSVerify.h */ = {isa = PBXFileReference; fileEncoding = 4; lastKnownFileType = sourcecode.c.h; path = HSVerify.h; sourceTree = "<group>"; };
		18E60F931BC1027800BDE6FD /* HSVerify.m */ = {isa = PBXFileReference; fileEncoding = 4; lastKnownFileType = sourcecode.c.objc; path = HSVerify.m; sourceTree = "<group>"; };
		18E60F991BC102F900BDE6FD /* XBConst.h */ = {isa = PBXFileReference; fileEncoding = 4; lastKnownFileType = sourcecode.c.h; path = XBConst.h; sourceTree = "<group>"; };
		18E60F9A1BC102F900BDE6FD /* XBConst.m */ = {isa = PBXFileReference; fileEncoding = 4; lastKnownFileType = sourcecode.c.objc; path = XBConst.m; sourceTree = "<group>"; };
		18E60F9C1BC10F9200BDE6FD /* HSFinalRegistViewController.h */ = {isa = PBXFileReference; fileEncoding = 4; lastKnownFileType = sourcecode.c.h; path = HSFinalRegistViewController.h; sourceTree = "<group>"; };
		18E60F9D1BC10F9200BDE6FD /* HSFinalRegistViewController.m */ = {isa = PBXFileReference; fileEncoding = 4; lastKnownFileType = sourcecode.c.objc; path = HSFinalRegistViewController.m; sourceTree = "<group>"; };
		18E60F9F1BC1281500BDE6FD /* HSPickerView.h */ = {isa = PBXFileReference; fileEncoding = 4; lastKnownFileType = sourcecode.c.h; path = HSPickerView.h; sourceTree = "<group>"; };
		18E60FA01BC1281500BDE6FD /* HSPickerView.m */ = {isa = PBXFileReference; fileEncoding = 4; lastKnownFileType = sourcecode.c.objc; path = HSPickerView.m; sourceTree = "<group>"; };
		18E6A5AD1BC517EE00E67C26 /* Test2 */ = {isa = PBXFileReference; fileEncoding = 4; lastKnownFileType = text; path = Test2; sourceTree = "<group>"; };
		18E6A5AF1BC545D500E67C26 /* HSHeadPictureView.h */ = {isa = PBXFileReference; fileEncoding = 4; lastKnownFileType = sourcecode.c.h; path = HSHeadPictureView.h; sourceTree = "<group>"; };
		18E6A5B01BC545D500E67C26 /* HSHeadPictureView.m */ = {isa = PBXFileReference; fileEncoding = 4; lastKnownFileType = sourcecode.c.objc; path = HSHeadPictureView.m; sourceTree = "<group>"; };
		18E6A5B51BC55B8900E67C26 /* UIImage+CircleCilp.h */ = {isa = PBXFileReference; fileEncoding = 4; lastKnownFileType = sourcecode.c.h; path = "UIImage+CircleCilp.h"; sourceTree = "<group>"; };
		18E6A5B61BC55B8900E67C26 /* UIImage+CircleCilp.m */ = {isa = PBXFileReference; fileEncoding = 4; lastKnownFileType = sourcecode.c.objc; path = "UIImage+CircleCilp.m"; sourceTree = "<group>"; };
		18E6A5B81BC6188B00E67C26 /* UIImage+SquareImage.h */ = {isa = PBXFileReference; fileEncoding = 4; lastKnownFileType = sourcecode.c.h; path = "UIImage+SquareImage.h"; sourceTree = "<group>"; };
		18E6A5B91BC6188B00E67C26 /* UIImage+SquareImage.m */ = {isa = PBXFileReference; fileEncoding = 4; lastKnownFileType = sourcecode.c.objc; path = "UIImage+SquareImage.m"; sourceTree = "<group>"; };
		18EC05DE1BCB601E00039AF0 /* HSFatherTableViewController.h */ = {isa = PBXFileReference; fileEncoding = 4; lastKnownFileType = sourcecode.c.h; path = HSFatherTableViewController.h; sourceTree = "<group>"; };
		18EC05DF1BCB601E00039AF0 /* HSFatherTableViewController.m */ = {isa = PBXFileReference; fileEncoding = 4; lastKnownFileType = sourcecode.c.objc; path = HSFatherTableViewController.m; sourceTree = "<group>"; };
		18EC05FD1BCCB46A00039AF0 /* HSServiceOrder.h */ = {isa = PBXFileReference; fileEncoding = 4; lastKnownFileType = sourcecode.c.h; path = HSServiceOrder.h; sourceTree = "<group>"; };
		18EC05FE1BCCB46A00039AF0 /* HSServiceOrder.m */ = {isa = PBXFileReference; fileEncoding = 4; lastKnownFileType = sourcecode.c.objc; path = HSServiceOrder.m; sourceTree = "<group>"; };
		18EC06011BCCB87B00039AF0 /* HSReceiveViewController.h */ = {isa = PBXFileReference; fileEncoding = 4; lastKnownFileType = sourcecode.c.h; path = HSReceiveViewController.h; sourceTree = "<group>"; };
		18EC06021BCCB87B00039AF0 /* HSReceiveViewController.m */ = {isa = PBXFileReference; fileEncoding = 4; lastKnownFileType = sourcecode.c.objc; path = HSReceiveViewController.m; sourceTree = "<group>"; };
		18EC06091BCD021600039AF0 /* HSOrderCell.xib */ = {isa = PBXFileReference; fileEncoding = 4; lastKnownFileType = file.xib; path = HSOrderCell.xib; sourceTree = "<group>"; };
		18EC060E1BCD310400039AF0 /* HSOrderCell.h */ = {isa = PBXFileReference; fileEncoding = 4; lastKnownFileType = sourcecode.c.h; path = HSOrderCell.h; sourceTree = "<group>"; };
		18EC060F1BCD310400039AF0 /* HSOrderCell.m */ = {isa = PBXFileReference; fileEncoding = 4; lastKnownFileType = sourcecode.c.objc; path = HSOrderCell.m; sourceTree = "<group>"; };
		18EC06151BCE6ED100039AF0 /* HSOrderDetailsViewController.h */ = {isa = PBXFileReference; fileEncoding = 4; lastKnownFileType = sourcecode.c.h; path = HSOrderDetailsViewController.h; sourceTree = "<group>"; };
		18EC06161BCE6ED100039AF0 /* HSOrderDetailsViewController.m */ = {isa = PBXFileReference; fileEncoding = 4; lastKnownFileType = sourcecode.c.objc; path = HSOrderDetailsViewController.m; sourceTree = "<group>"; };
		18EC061C1BCEA2AA00039AF0 /* HSOrderCommentViewController.h */ = {isa = PBXFileReference; fileEncoding = 4; lastKnownFileType = sourcecode.c.h; path = HSOrderCommentViewController.h; sourceTree = "<group>"; };
		18EC061D1BCEA2AA00039AF0 /* HSOrderCommentViewController.m */ = {isa = PBXFileReference; fileEncoding = 4; lastKnownFileType = sourcecode.c.objc; path = HSOrderCommentViewController.m; sourceTree = "<group>"; };
		18EC061F1BCEA92B00039AF0 /* HSOrderCommentCell.h */ = {isa = PBXFileReference; fileEncoding = 4; lastKnownFileType = sourcecode.c.h; path = HSOrderCommentCell.h; sourceTree = "<group>"; };
		18EC06201BCEA92B00039AF0 /* HSOrderCommentCell.m */ = {isa = PBXFileReference; fileEncoding = 4; lastKnownFileType = sourcecode.c.objc; path = HSOrderCommentCell.m; sourceTree = "<group>"; };
		18EC06261BCEA99200039AF0 /* HSOrderBaseViewController.h */ = {isa = PBXFileReference; fileEncoding = 4; lastKnownFileType = sourcecode.c.h; path = HSOrderBaseViewController.h; sourceTree = "<group>"; };
		18EC06271BCEA99200039AF0 /* HSOrderBaseViewController.m */ = {isa = PBXFileReference; fileEncoding = 4; lastKnownFileType = sourcecode.c.objc; path = HSOrderBaseViewController.m; sourceTree = "<group>"; };
		18EC062B1BCEB0E000039AF0 /* HSOrderCommentCell.xib */ = {isa = PBXFileReference; fileEncoding = 4; lastKnownFileType = file.xib; path = HSOrderCommentCell.xib; sourceTree = "<group>"; };
		18F5AE501BB682F800BB5B49 /* HSChangPwdViewController.h */ = {isa = PBXFileReference; fileEncoding = 4; lastKnownFileType = sourcecode.c.h; path = HSChangPwdViewController.h; sourceTree = "<group>"; };
		18F5AE511BB682F800BB5B49 /* HSChangPwdViewController.m */ = {isa = PBXFileReference; fileEncoding = 4; lastKnownFileType = sourcecode.c.objc; path = HSChangPwdViewController.m; sourceTree = "<group>"; };
		18F5AE531BB68E9500BB5B49 /* HSInfoTextFieldItem.h */ = {isa = PBXFileReference; fileEncoding = 4; lastKnownFileType = sourcecode.c.h; path = HSInfoTextFieldItem.h; sourceTree = "<group>"; };
		18F5AE541BB68E9500BB5B49 /* HSInfoTextFieldItem.m */ = {isa = PBXFileReference; fileEncoding = 4; lastKnownFileType = sourcecode.c.objc; path = HSInfoTextFieldItem.m; sourceTree = "<group>"; };
		18FBD9671BBC084E00EC98F5 /* HSRegistViewController.h */ = {isa = PBXFileReference; fileEncoding = 4; lastKnownFileType = sourcecode.c.h; path = HSRegistViewController.h; sourceTree = "<group>"; };
		18FBD9681BBC084E00EC98F5 /* HSRegistViewController.m */ = {isa = PBXFileReference; fileEncoding = 4; lastKnownFileType = sourcecode.c.objc; path = HSRegistViewController.m; sourceTree = "<group>"; };
		4A74B14A0C3C7065AB33FA73 /* Pods.release.xcconfig */ = {isa = PBXFileReference; includeInIndex = 1; lastKnownFileType = text.xcconfig; name = Pods.release.xcconfig; path = "Pods/Target Support Files/Pods/Pods.release.xcconfig"; sourceTree = "<group>"; };
		9A9BA1B7DA5E229355C79280 /* libPods.a */ = {isa = PBXFileReference; explicitFileType = archive.ar; includeInIndex = 0; path = libPods.a; sourceTree = BUILT_PRODUCTS_DIR; };
		D5081C50E19EB4F0BEC67FE3 /* Pods.debug.xcconfig */ = {isa = PBXFileReference; includeInIndex = 1; lastKnownFileType = text.xcconfig; name = Pods.debug.xcconfig; path = "Pods/Target Support Files/Pods/Pods.debug.xcconfig"; sourceTree = "<group>"; };
/* End PBXFileReference section */

/* Begin PBXFrameworksBuildPhase section */
		188A20611BAF8FCD00E4D570 /* Frameworks */ = {
			isa = PBXFrameworksBuildPhase;
			buildActionMask = 2147483647;
			files = (
				18081BF61BC24702000011AE /* CoreLocation.framework in Frameworks */,
				7467A87A952F060DAB84259B /* libPods.a in Frameworks */,
			);
			runOnlyForDeploymentPostprocessing = 0;
		};
		188A207A1BAF8FCD00E4D570 /* Frameworks */ = {
			isa = PBXFrameworksBuildPhase;
			buildActionMask = 2147483647;
			files = (
			);
			runOnlyForDeploymentPostprocessing = 0;
		};
/* End PBXFrameworksBuildPhase section */

/* Begin PBXGroup section */
		1810BF711BB6DC8300D33FA0 /* Cell */ = {
			isa = PBXGroup;
			children = (
				1810BF721BB6DC8300D33FA0 /* HSInfoTableViewCell.h */,
				1810BF731BB6DC8300D33FA0 /* HSInfoTableViewCell.m */,
			);
			path = Cell;
			sourceTree = "<group>";
		};
		1810BF741BB6DC8300D33FA0 /* Header/FooterView */ = {
			isa = PBXGroup;
			children = (
				1810BF751BB6DC8300D33FA0 /* HSInfoHeaderView.h */,
				1810BF761BB6DC8300D33FA0 /* HSInfoHeaderView.m */,
				1810BF861BB6DE0F00D33FA0 /* HSInfoFooterView.h */,
				1810BF871BB6DE0F00D33FA0 /* HSInfoFooterView.m */,
			);
			name = Header/FooterView;
			path = "Header:FooterView";
			sourceTree = "<group>";
		};
		1810BF771BB6DC8300D33FA0 /* TextField */ = {
			isa = PBXGroup;
			children = (
				1810BF781BB6DC8300D33FA0 /* HSNoBorderTextField.h */,
				1810BF791BB6DC8300D33FA0 /* HSNoBorderTextField.m */,
			);
			path = TextField;
			sourceTree = "<group>";
		};
		183398121BB968C5002EAC65 /* Tool */ = {
			isa = PBXGroup;
			children = (
				183398131BB968C5002EAC65 /* HSMineKeys.h */,
				183398141BB968C5002EAC65 /* HSMineKeys.m */,
				183398151BB968C5002EAC65 /* HSMineTool.h */,
				183398161BB968C5002EAC65 /* HSMineTool.m */,
			);
			path = Tool;
			sourceTree = "<group>";
		};
		184324141BBAAFFE001E2F69 /* ToolBar */ = {
			isa = PBXGroup;
			children = (
				184324151BBAB011001E2F69 /* HSToolBarButton.h */,
				184324161BBAB011001E2F69 /* HSToolBarButton.m */,
			);
			path = ToolBar;
			sourceTree = "<group>";
		};
		1843241C1BBAB338001E2F69 /* PickerView */ = {
			isa = PBXGroup;
			children = (
				1843241D1BBAB338001E2F69 /* HSDatePickerView.h */,
				1843241E1BBAB338001E2F69 /* HSDatePickerView.m */,
				18E60F9F1BC1281500BDE6FD /* HSPickerView.h */,
				18E60FA01BC1281500BDE6FD /* HSPickerView.m */,
			);
			path = PickerView;
			sourceTree = "<group>";
		};
		184324551BBB83A5001E2F69 /* Login&Regist */ = {
			isa = PBXGroup;
			children = (
				18E60F871BBFFA1E00BDE6FD /* Tool */,
				184324561BBB83A5001E2F69 /* Controller */,
				184324571BBB83A5001E2F69 /* Model */,
				184324581BBB83A5001E2F69 /* View */,
			);
			name = "Login&Regist";
			path = Login;
			sourceTree = "<group>";
		};
		184324561BBB83A5001E2F69 /* Controller */ = {
			isa = PBXGroup;
			children = (
				184324591BBB83E3001E2F69 /* HSLoginViewController.h */,
				1843245A1BBB83E3001E2F69 /* HSLoginViewController.m */,
				18FBD9671BBC084E00EC98F5 /* HSRegistViewController.h */,
				18FBD9681BBC084E00EC98F5 /* HSRegistViewController.m */,
				18E60F9C1BC10F9200BDE6FD /* HSFinalRegistViewController.h */,
				18E60F9D1BC10F9200BDE6FD /* HSFinalRegistViewController.m */,
			);
			path = Controller;
			sourceTree = "<group>";
		};
		184324571BBB83A5001E2F69 /* Model */ = {
			isa = PBXGroup;
			children = (
				18E60F841BBFF3B600BDE6FD /* HSAccount.h */,
				18E60F851BBFF3B600BDE6FD /* HSAccount.m */,
				184DFFA91BC65BA300CDB9E6 /* HSServant.h */,
				184DFFAA1BC65BA300CDB9E6 /* HSServant.m */,
			);
			path = Model;
			sourceTree = "<group>";
		};
		184324581BBB83A5001E2F69 /* View */ = {
			isa = PBXGroup;
			children = (
				1843245C1BBB9178001E2F69 /* HSLoginHeaderView.h */,
				1843245D1BBB9178001E2F69 /* HSLoginHeaderView.m */,
				1843245F1BBB9370001E2F69 /* HSLoginFooterView.h */,
				184324601BBB9370001E2F69 /* HSLoginFooterView.m */,
				18E6A5AF1BC545D500E67C26 /* HSHeadPictureView.h */,
				18E6A5B01BC545D500E67C26 /* HSHeadPictureView.m */,
			);
			path = View;
			sourceTree = "<group>";
		};
		186DEA5C1BB02A46008C465F /* Data */ = {
			isa = PBXGroup;
			children = (
				186DEA5D1BB02A46008C465F /* plist */,
			);
			path = Data;
			sourceTree = "<group>";
		};
		186DEA5D1BB02A46008C465F /* plist */ = {
			isa = PBXGroup;
			children = (
				1821618B1BC4B27100EAA41A /* citydata.plist */,
				186DEA571BB02A02008C465F /* city.plist */,
				186DEA581BB02A02008C465F /* region.plist */,
			);
			path = plist;
			sourceTree = "<group>";
		};
		187630FE1BB56E140037F124 /* Controller */ = {
			isa = PBXGroup;
			children = (
				18EC061B1BCEA29000039AF0 /* Comment */,
				18EC06141BCE6EB700039AF0 /* Details */,
				187630FF1BB56E150037F124 /* All(全部) */,
				187631041BB56E150037F124 /* Served(服务完成) */,
				187631071BB56E150037F124 /* Serving(服务中) */,
				1876310A1BB56E150037F124 /* Unpayed(未付款) */,
				18EC06251BCEA99200039AF0 /* Base */,
				187631021BB56E150037F124 /* HSServiceListViewController.h */,
				187631031BB56E150037F124 /* HSServiceListViewController.m */,
				1876310D1BB56E150037F124 /* XBScrollPageController.h */,
				1876310E1BB56E150037F124 /* XBScrollPageController.m */,
			);
			path = Controller;
			sourceTree = "<group>";
		};
		187630FF1BB56E150037F124 /* All(全部) */ = {
			isa = PBXGroup;
			children = (
				187631001BB56E150037F124 /* HSAllViewController.h */,
				187631011BB56E150037F124 /* HSAllViewController.m */,
			);
			path = "All(全部)";
			sourceTree = "<group>";
		};
		187631041BB56E150037F124 /* Served(服务完成) */ = {
			isa = PBXGroup;
			children = (
				187631051BB56E150037F124 /* HSServedViewController.h */,
				187631061BB56E150037F124 /* HSServedViewController.m */,
			);
			path = "Served(服务完成)";
			sourceTree = "<group>";
		};
		187631071BB56E150037F124 /* Serving(服务中) */ = {
			isa = PBXGroup;
			children = (
				187631081BB56E150037F124 /* HSServingViewController.h */,
				187631091BB56E150037F124 /* HSServingViewController.m */,
			);
			path = "Serving(服务中)";
			sourceTree = "<group>";
		};
		1876310A1BB56E150037F124 /* Unpayed(未付款) */ = {
			isa = PBXGroup;
			children = (
				1876310B1BB56E150037F124 /* HSUnpayedViewController.h */,
				1876310C1BB56E150037F124 /* HSUnpayedViewController.m */,
			);
			path = "Unpayed(未付款)";
			sourceTree = "<group>";
		};
		1876310F1BB56E150037F124 /* Model */ = {
			isa = PBXGroup;
			children = (
				187631101BB56E150037F124 /* XBTagTitleModel.h */,
				187631111BB56E150037F124 /* XBTagTitleModel.m */,
				18EC05FD1BCCB46A00039AF0 /* HSServiceOrder.h */,
				18EC05FE1BCCB46A00039AF0 /* HSServiceOrder.m */,
			);
			path = Model;
			sourceTree = "<group>";
		};
		187631121BB56E150037F124 /* View */ = {
			isa = PBXGroup;
			children = (
				187631131BB56E150037F124 /* XBPageCell.h */,
				187631141BB56E150037F124 /* XBPageCell.m */,
				187631151BB56E150037F124 /* XBTagTitleCell.h */,
				187631161BB56E150037F124 /* XBTagTitleCell.m */,
				18EC060E1BCD310400039AF0 /* HSOrderCell.h */,
				18EC060F1BCD310400039AF0 /* HSOrderCell.m */,
				18EC06091BCD021600039AF0 /* HSOrderCell.xib */,
				18EC061F1BCEA92B00039AF0 /* HSOrderCommentCell.h */,
				18EC06201BCEA92B00039AF0 /* HSOrderCommentCell.m */,
				18EC062B1BCEB0E000039AF0 /* HSOrderCommentCell.xib */,
			);
			path = View;
			sourceTree = "<group>";
		};
		1876312A1BB62C9E0037F124 /* Model */ = {
			isa = PBXGroup;
			children = (
				1876312B1BB62C9E0037F124 /* Group */,
				1876312C1BB62C9E0037F124 /* Item */,
			);
			path = Model;
			sourceTree = "<group>";
		};
		1876312B1BB62C9E0037F124 /* Group */ = {
			isa = PBXGroup;
			children = (
				187631301BB62CC90037F124 /* HSInfoGroup.h */,
				187631311BB62CC90037F124 /* HSInfoGroup.m */,
			);
			path = Group;
			sourceTree = "<group>";
		};
		1876312C1BB62C9E0037F124 /* Item */ = {
			isa = PBXGroup;
			children = (
				1876312D1BB62C9E0037F124 /* HSInfoItem.h */,
				1876312E1BB62C9E0037F124 /* HSInfoItem.m */,
				1876313D1BB6308E0037F124 /* HSInfoArrowItem.h */,
				1876313E1BB6308E0037F124 /* HSInfoArrowItem.m */,
				183398191BB969C0002EAC65 /* HSInfoValueItem.h */,
				1833981A1BB969C0002EAC65 /* HSInfoValueItem.m */,
				18F5AE531BB68E9500BB5B49 /* HSInfoTextFieldItem.h */,
				18F5AE541BB68E9500BB5B49 /* HSInfoTextFieldItem.m */,
				1833981C1BB9A187002EAC65 /* HSInfoLableItem.h */,
				1833981D1BB9A187002EAC65 /* HSInfoLableItem.m */,
			);
			path = Item;
			sourceTree = "<group>";
		};
		187631391BB62ECF0037F124 /* View */ = {
			isa = PBXGroup;
			children = (
				1843241C1BBAB338001E2F69 /* PickerView */,
				184324141BBAAFFE001E2F69 /* ToolBar */,
				1810BF711BB6DC8300D33FA0 /* Cell */,
				1810BF741BB6DC8300D33FA0 /* Header/FooterView */,
				1810BF771BB6DC8300D33FA0 /* TextField */,
			);
			path = View;
			sourceTree = "<group>";
		};
		187631401BB635100037F124 /* About */ = {
			isa = PBXGroup;
			children = (
				187631441BB6352F0037F124 /* HSAboutViewController.h */,
				187631451BB6352F0037F124 /* HSAboutViewController.m */,
			);
			path = About;
			sourceTree = "<group>";
		};
		187631411BB635100037F124 /* BasicInfo */ = {
			isa = PBXGroup;
			children = (
				187631471BB635450037F124 /* HSBasicInfoViewController.h */,
				187631481BB635450037F124 /* HSBasicInfoViewController.m */,
			);
			path = BasicInfo;
			sourceTree = "<group>";
		};
		187631431BB635110037F124 /* Setting */ = {
			isa = PBXGroup;
			children = (
				1876314D1BB635720037F124 /* HSSettingViewController.h */,
				1876314E1BB635720037F124 /* HSSettingViewController.m */,
			);
			path = Setting;
			sourceTree = "<group>";
		};
		187DC7B41BC7A56100FF8AAF /* MBProgressHUD */ = {
			isa = PBXGroup;
			children = (
				187DC7B51BC7A56100FF8AAF /* MBProgressHUD+MJ.h */,
				187DC7B61BC7A56100FF8AAF /* MBProgressHUD+MJ.m */,
				187DC7B71BC7A56100FF8AAF /* MBProgressHUD.bundle */,
				187DC7B81BC7A56100FF8AAF /* MBProgressHUD.h */,
				187DC7B91BC7A56100FF8AAF /* MBProgressHUD.m */,
			);
			path = MBProgressHUD;
			sourceTree = "<group>";
		};
		187DC7E21BC7F5FE00FF8AAF /* Model */ = {
			isa = PBXGroup;
			children = (
				187DC7E31BC7F5FE00FF8AAF /* Address */,
				187DC7EC1BC7F5FE00FF8AAF /* ServiceDeclare */,
				187DC7EF1BC7F5FE00FF8AAF /* Service */,
			);
			path = Model;
			sourceTree = "<group>";
		};
		187DC7E31BC7F5FE00FF8AAF /* Address */ = {
			isa = PBXGroup;
			children = (
				187DC7E41BC7F5FE00FF8AAF /* HSCity.h */,
				187DC7E51BC7F5FE00FF8AAF /* HSCity.m */,
				187DC7E61BC7F5FE00FF8AAF /* HSCoveredCountry.h */,
				187DC7E71BC7F5FE00FF8AAF /* HSCoveredCountry.m */,
				187DC7E81BC7F5FE00FF8AAF /* HSProvince.h */,
				187DC7E91BC7F5FE00FF8AAF /* HSProvince.m */,
				187DC7EA1BC7F5FE00FF8AAF /* HSRegion.h */,
				187DC7EB1BC7F5FE00FF8AAF /* HSRegion.m */,
			);
			path = Address;
			sourceTree = "<group>";
		};
		187DC7EC1BC7F5FE00FF8AAF /* ServiceDeclare */ = {
			isa = PBXGroup;
			children = (
				187DC7ED1BC7F5FE00FF8AAF /* HSServiceDeclare.h */,
				187DC7EE1BC7F5FE00FF8AAF /* HSServiceDeclare.m */,
			);
			name = ServiceDeclare;
			path = Declare;
			sourceTree = "<group>";
		};
		187DC7EF1BC7F5FE00FF8AAF /* Service */ = {
			isa = PBXGroup;
			children = (
				187DC7F01BC7F5FE00FF8AAF /* HSService.h */,
				187DC7F11BC7F5FE00FF8AAF /* HSService.m */,
				187DC7F21BC7F5FE00FF8AAF /* HSSubService.h */,
				187DC7F31BC7F5FE00FF8AAF /* HSSubService.m */,
			);
			path = Service;
			sourceTree = "<group>";
		};
		188A205B1BAF8FCD00E4D570 = {
			isa = PBXGroup;
			children = (
				188A20661BAF8FCD00E4D570 /* HousekeepingServer */,
				188A20801BAF8FCD00E4D570 /* HousekeepingServerTests */,
				188A20651BAF8FCD00E4D570 /* Products */,
				9935DDA52CA65C8CE591F718 /* Pods */,
				9517F05A70494206E2689FB4 /* Frameworks */,
			);
			sourceTree = "<group>";
		};
		188A20651BAF8FCD00E4D570 /* Products */ = {
			isa = PBXGroup;
			children = (
				188A20641BAF8FCD00E4D570 /* HousekeepingServer.app */,
				188A207D1BAF8FCD00E4D570 /* HousekeepingServerTests.xctest */,
			);
			name = Products;
			sourceTree = "<group>";
		};
		188A20661BAF8FCD00E4D570 /* HousekeepingServer */ = {
			isa = PBXGroup;
			children = (
				188A208D1BAF90A900E4D570 /* Classes */,
				188A20671BAF8FCD00E4D570 /* Supporting Files */,
			);
			path = HousekeepingServer;
			sourceTree = "<group>";
		};
		188A20671BAF8FCD00E4D570 /* Supporting Files */ = {
			isa = PBXGroup;
			children = (
				186DEA5C1BB02A46008C465F /* Data */,
				188A20741BAF8FCD00E4D570 /* Images.xcassets */,
				188A20681BAF8FCD00E4D570 /* Info.plist */,
				188A20691BAF8FCD00E4D570 /* main.m */,
				18081BF71BC256FD000011AE /* LaunchScreen.xib */,
			);
			name = "Supporting Files";
			sourceTree = "<group>";
		};
		188A20801BAF8FCD00E4D570 /* HousekeepingServerTests */ = {
			isa = PBXGroup;
			children = (
				188A20831BAF8FCD00E4D570 /* HousekeepingServerTests.m */,
				188A20811BAF8FCD00E4D570 /* Supporting Files */,
			);
			path = HousekeepingServerTests;
			sourceTree = "<group>";
		};
		188A20811BAF8FCD00E4D570 /* Supporting Files */ = {
			isa = PBXGroup;
			children = (
				188A20821BAF8FCD00E4D570 /* Info.plist */,
			);
			name = "Supporting Files";
			sourceTree = "<group>";
		};
		188A208D1BAF90A900E4D570 /* Classes */ = {
			isa = PBXGroup;
			children = (
				184324551BBB83A5001E2F69 /* Login&Regist */,
				188A208E1BAF90A900E4D570 /* Grab(抢单) */,
				188A209A1BAF90A900E4D570 /* Main */,
				188A20A01BAF90A900E4D570 /* Mine */,
				188A20A61BAF90A900E4D570 /* Others */,
				188A20AB1BAF90A900E4D570 /* Receive */,
				188A20B11BAF90A900E4D570 /* ServiceList */,
			);
			path = Classes;
			sourceTree = "<group>";
		};
		188A208E1BAF90A900E4D570 /* Grab(抢单) */ = {
			isa = PBXGroup;
			children = (
				187DC7E21BC7F5FE00FF8AAF /* Model */,
				18C3C8861BB1A17800C858AB /* View */,
				188A208F1BAF90A900E4D570 /* Controller */,
			);
			name = "Grab(抢单)";
			path = Grab;
			sourceTree = "<group>";
		};
		188A208F1BAF90A900E4D570 /* Controller */ = {
			isa = PBXGroup;
			children = (
				188A20901BAF90A900E4D570 /* HSGrabViewController.h */,
				188A20911BAF90A900E4D570 /* HSGrabViewController.m */,
				187DC7C31BC7BAE900FF8AAF /* HSSubServiceViewController.h */,
				187DC7C41BC7BAE900FF8AAF /* HSSubServiceViewController.m */,
				18EC05DE1BCB601E00039AF0 /* HSFatherTableViewController.h */,
				18EC05DF1BCB601E00039AF0 /* HSFatherTableViewController.m */,
			);
			path = Controller;
			sourceTree = "<group>";
		};
		188A209A1BAF90A900E4D570 /* Main */ = {
			isa = PBXGroup;
			children = (
				18E60F981BC102F900BDE6FD /* XBConst */,
				18E60F911BC1023600BDE6FD /* Tool */,
				188A209B1BAF90A900E4D570 /* Controller */,
				188A209E1BAF90A900E4D570 /* Model */,
				188A209F1BAF90A900E4D570 /* View */,
			);
			path = Main;
			sourceTree = "<group>";
		};
		188A209B1BAF90A900E4D570 /* Controller */ = {
			isa = PBXGroup;
			children = (
				188A209C1BAF90A900E4D570 /* HSTabBarViewController.h */,
				188A209D1BAF90A900E4D570 /* HSTabBarViewController.m */,
				186DEA541BB001B6008C465F /* HSNavigationViewController.h */,
				186DEA551BB001B6008C465F /* HSNavigationViewController.m */,
			);
			path = Controller;
			sourceTree = "<group>";
		};
		188A209E1BAF90A900E4D570 /* Model */ = {
			isa = PBXGroup;
			children = (
			);
			path = Model;
			sourceTree = "<group>";
		};
		188A209F1BAF90A900E4D570 /* View */ = {
			isa = PBXGroup;
			children = (
				18151CAB1BAFC0700040CA80 /* HSTabBar.h */,
				18151CAC1BAFC0700040CA80 /* HSTabBar.m */,
				186DEA511BAFF902008C465F /* HSTabBarButton.h */,
				186DEA521BAFF902008C465F /* HSTabBarButton.m */,
				186DEA5E1BB02B24008C465F /* HSNavBarBtn.h */,
				186DEA5F1BB02B24008C465F /* HSNavBarBtn.m */,
				18E60F8B1BC0F90900BDE6FD /* HSOrangeButton.h */,
				18E60F8C1BC0F90900BDE6FD /* HSOrangeButton.m */,
			);
			path = View;
			sourceTree = "<group>";
		};
		188A20A01BAF90A900E4D570 /* Mine */ = {
			isa = PBXGroup;
			children = (
				183398121BB968C5002EAC65 /* Tool */,
				188A20A11BAF90A900E4D570 /* Controller */,
				187631391BB62ECF0037F124 /* View */,
				1876312A1BB62C9E0037F124 /* Model */,
			);
			path = Mine;
			sourceTree = "<group>";
		};
		188A20A11BAF90A900E4D570 /* Controller */ = {
			isa = PBXGroup;
			children = (
				187631401BB635100037F124 /* About */,
				187631411BB635100037F124 /* BasicInfo */,
				18F5AE4F1BB682F800BB5B49 /* ChangePwd */,
				187631431BB635110037F124 /* Setting */,
				187631241BB628260037F124 /* HSBaseViewController.h */,
				187631251BB628260037F124 /* HSBaseViewController.m */,
				188A20A21BAF90A900E4D570 /* HSMineViewController.h */,
				188A20A31BAF90A900E4D570 /* HSMineViewController.m */,
			);
			path = Controller;
			sourceTree = "<group>";
		};
		188A20A61BAF90A900E4D570 /* Others */ = {
			isa = PBXGroup;
			children = (
				188A20A71BAF90A900E4D570 /* AppDelegate.h */,
				188A20A81BAF90A900E4D570 /* AppDelegate.m */,
				188A20A91BAF90A900E4D570 /* Category */,
				188A20AA1BAF90A900E4D570 /* Lib */,
				18081BF31BC15E5A000011AE /* Test.rtf */,
			);
			path = Others;
			sourceTree = "<group>";
		};
		188A20A91BAF90A900E4D570 /* Category */ = {
			isa = PBXGroup;
			children = (
				187630AF1BB546670037F124 /* UIView+SetFrame.h */,
				187630B01BB546670037F124 /* UIView+SetFrame.m */,
				1810BF831BB6DDC800D33FA0 /* UIImage+HSResizingImage.h */,
				1810BF841BB6DDC800D33FA0 /* UIImage+HSResizingImage.m */,
				18E6A5B51BC55B8900E67C26 /* UIImage+CircleCilp.h */,
				18E6A5B61BC55B8900E67C26 /* UIImage+CircleCilp.m */,
				18E6A5B81BC6188B00E67C26 /* UIImage+SquareImage.h */,
				18E6A5B91BC6188B00E67C26 /* UIImage+SquareImage.m */,
			);
			path = Category;
			sourceTree = "<group>";
		};
		188A20AA1BAF90A900E4D570 /* Lib */ = {
			isa = PBXGroup;
			children = (
				187DC7B41BC7A56100FF8AAF /* MBProgressHUD */,
				18E6A5AD1BC517EE00E67C26 /* Test2 */,
			);
			path = Lib;
			sourceTree = "<group>";
		};
		188A20AB1BAF90A900E4D570 /* Receive */ = {
			isa = PBXGroup;
			children = (
				18EC06001BCCB87B00039AF0 /* Controller */,
				188A20AF1BAF90A900E4D570 /* Model */,
				188A20B01BAF90A900E4D570 /* View */,
			);
			path = Receive;
			sourceTree = "<group>";
		};
		188A20AF1BAF90A900E4D570 /* Model */ = {
			isa = PBXGroup;
			children = (
				18EC05E41BCBD27900039AF0 /* ServiceReceive */,
			);
			path = Model;
			sourceTree = "<group>";
		};
		188A20B01BAF90A900E4D570 /* View */ = {
			isa = PBXGroup;
			children = (
			);
			path = View;
			sourceTree = "<group>";
		};
		188A20B11BAF90A900E4D570 /* ServiceList */ = {
			isa = PBXGroup;
			children = (
				187630FE1BB56E140037F124 /* Controller */,
				1876310F1BB56E150037F124 /* Model */,
				187631121BB56E150037F124 /* View */,
			);
			path = ServiceList;
			sourceTree = "<group>";
		};
		18C3C8861BB1A17800C858AB /* View */ = {
			isa = PBXGroup;
			children = (
				184DFFAF1BC68D7500CDB9E6 /* HSCollectionView.h */,
				184DFFB01BC68D7500CDB9E6 /* HSCollectionView.m */,
				184DFFB21BC6964100CDB9E6 /* HSCollectionViewCell.h */,
				184DFFB31BC6964100CDB9E6 /* HSCollectionViewCell.m */,
				187DC7C01BC7A84B00FF8AAF /* HSRefreshButton.h */,
				187DC7C11BC7A84B00FF8AAF /* HSRefreshButton.m */,
				187DC7FB1BC89B8900FF8AAF /* HSDeclareCell.h */,
				187DC7FC1BC89B8900FF8AAF /* HSDeclareCell.m */,
				186DC5671BC8B520007887F9 /* HSDeclareCell.xib */,
				189B50D91BCA6A3200C516FE /* HSRefreshLab.h */,
				189B50DA1BCA6A3200C516FE /* HSRefreshLab.m */,
			);
			path = View;
			sourceTree = "<group>";
		};
		18E60F871BBFFA1E00BDE6FD /* Tool */ = {
			isa = PBXGroup;
			children = (
				18E60F881BBFFA3900BDE6FD /* HSAccountTool.h */,
				18E60F891BBFFA3900BDE6FD /* HSAccountTool.m */,
				18081BFC1BC26764000011AE /* HSHTTPRequestOperationManager.h */,
				18081BFD1BC26764000011AE /* HSHTTPRequestOperationManager.m */,
				184DFFAC1BC662C500CDB9E6 /* HSServantTool.h */,
				184DFFAD1BC662C500CDB9E6 /* HSServantTool.m */,
			);
			path = Tool;
			sourceTree = "<group>";
		};
		18E60F911BC1023600BDE6FD /* Tool */ = {
			isa = PBXGroup;
			children = (
				18E60F921BC1027800BDE6FD /* HSVerify.h */,
				18E60F931BC1027800BDE6FD /* HSVerify.m */,
			);
			path = Tool;
			sourceTree = "<group>";
		};
		18E60F981BC102F900BDE6FD /* XBConst */ = {
			isa = PBXGroup;
			children = (
				18E60F991BC102F900BDE6FD /* XBConst.h */,
				18E60F9A1BC102F900BDE6FD /* XBConst.m */,
			);
			path = XBConst;
			sourceTree = "<group>";
		};
		18EC05E41BCBD27900039AF0 /* ServiceReceive */ = {
			isa = PBXGroup;
			children = (
			);
			name = ServiceReceive;
			path = Receive;
			sourceTree = "<group>";
		};
		18EC06001BCCB87B00039AF0 /* Controller */ = {
			isa = PBXGroup;
			children = (
				18EC06011BCCB87B00039AF0 /* HSReceiveViewController.h */,
				18EC06021BCCB87B00039AF0 /* HSReceiveViewController.m */,
			);
			path = Controller;
			sourceTree = "<group>";
		};
		18EC06141BCE6EB700039AF0 /* Details */ = {
			isa = PBXGroup;
			children = (
				18EC06151BCE6ED100039AF0 /* HSOrderDetailsViewController.h */,
				18EC06161BCE6ED100039AF0 /* HSOrderDetailsViewController.m */,
			);
			path = Details;
			sourceTree = "<group>";
		};
		18EC061B1BCEA29000039AF0 /* Comment */ = {
			isa = PBXGroup;
			children = (
				18EC061C1BCEA2AA00039AF0 /* HSOrderCommentViewController.h */,
				18EC061D1BCEA2AA00039AF0 /* HSOrderCommentViewController.m */,
			);
			path = Comment;
			sourceTree = "<group>";
		};
		18EC06251BCEA99200039AF0 /* Base */ = {
			isa = PBXGroup;
			children = (
				18EC06261BCEA99200039AF0 /* HSOrderBaseViewController.h */,
				18EC06271BCEA99200039AF0 /* HSOrderBaseViewController.m */,
			);
			path = Base;
			sourceTree = "<group>";
		};
		18F5AE4F1BB682F800BB5B49 /* ChangePwd */ = {
			isa = PBXGroup;
			children = (
				18F5AE501BB682F800BB5B49 /* HSChangPwdViewController.h */,
				18F5AE511BB682F800BB5B49 /* HSChangPwdViewController.m */,
			);
			path = ChangePwd;
			sourceTree = "<group>";
		};
		9517F05A70494206E2689FB4 /* Frameworks */ = {
			isa = PBXGroup;
			children = (
				18081BF51BC24702000011AE /* CoreLocation.framework */,
				183397C21BB7E833002EAC65 /* Reveal.framework */,
				9A9BA1B7DA5E229355C79280 /* libPods.a */,
			);
			name = Frameworks;
			sourceTree = "<group>";
		};
		9935DDA52CA65C8CE591F718 /* Pods */ = {
			isa = PBXGroup;
			children = (
				D5081C50E19EB4F0BEC67FE3 /* Pods.debug.xcconfig */,
				4A74B14A0C3C7065AB33FA73 /* Pods.release.xcconfig */,
			);
			name = Pods;
			sourceTree = "<group>";
		};
/* End PBXGroup section */

/* Begin PBXNativeTarget section */
		188A20631BAF8FCD00E4D570 /* HousekeepingServer */ = {
			isa = PBXNativeTarget;
			buildConfigurationList = 188A20871BAF8FCD00E4D570 /* Build configuration list for PBXNativeTarget "HousekeepingServer" */;
			buildPhases = (
				FBF68AE880E578E36CE46E62 /* Check Pods Manifest.lock */,
				188A20601BAF8FCD00E4D570 /* Sources */,
				188A20611BAF8FCD00E4D570 /* Frameworks */,
				188A20621BAF8FCD00E4D570 /* Resources */,
				FED610B2B6F9BF8024D6114F /* Copy Pods Resources */,
			);
			buildRules = (
			);
			dependencies = (
			);
			name = HousekeepingServer;
			productName = HousekeepingServer;
			productReference = 188A20641BAF8FCD00E4D570 /* HousekeepingServer.app */;
			productType = "com.apple.product-type.application";
		};
		188A207C1BAF8FCD00E4D570 /* HousekeepingServerTests */ = {
			isa = PBXNativeTarget;
			buildConfigurationList = 188A208A1BAF8FCD00E4D570 /* Build configuration list for PBXNativeTarget "HousekeepingServerTests" */;
			buildPhases = (
				188A20791BAF8FCD00E4D570 /* Sources */,
				188A207A1BAF8FCD00E4D570 /* Frameworks */,
				188A207B1BAF8FCD00E4D570 /* Resources */,
			);
			buildRules = (
			);
			dependencies = (
				188A207F1BAF8FCD00E4D570 /* PBXTargetDependency */,
			);
			name = HousekeepingServerTests;
			productName = HousekeepingServerTests;
			productReference = 188A207D1BAF8FCD00E4D570 /* HousekeepingServerTests.xctest */;
			productType = "com.apple.product-type.bundle.unit-test";
		};
/* End PBXNativeTarget section */

/* Begin PBXProject section */
		188A205C1BAF8FCD00E4D570 /* Project object */ = {
			isa = PBXProject;
			attributes = {
				CLASSPREFIX = HS;
				LastUpgradeCheck = 0700;
				ORGANIZATIONNAME = com.jacob;
				TargetAttributes = {
					188A20631BAF8FCD00E4D570 = {
						CreatedOnToolsVersion = 6.4;
						DevelopmentTeam = 733C233Y34;
					};
					188A207C1BAF8FCD00E4D570 = {
						CreatedOnToolsVersion = 6.4;
						TestTargetID = 188A20631BAF8FCD00E4D570;
					};
				};
			};
			buildConfigurationList = 188A205F1BAF8FCD00E4D570 /* Build configuration list for PBXProject "HousekeepingServer" */;
			compatibilityVersion = "Xcode 3.2";
			developmentRegion = English;
			hasScannedForEncodings = 0;
			knownRegions = (
				en,
				Base,
			);
			mainGroup = 188A205B1BAF8FCD00E4D570;
			productRefGroup = 188A20651BAF8FCD00E4D570 /* Products */;
			projectDirPath = "";
			projectRoot = "";
			targets = (
				188A20631BAF8FCD00E4D570 /* HousekeepingServer */,
				188A207C1BAF8FCD00E4D570 /* HousekeepingServerTests */,
			);
		};
/* End PBXProject section */

/* Begin PBXResourcesBuildPhase section */
		188A20621BAF8FCD00E4D570 /* Resources */ = {
			isa = PBXResourcesBuildPhase;
			buildActionMask = 2147483647;
			files = (
				18081BF81BC256FD000011AE /* LaunchScreen.xib in Resources */,
				186DC5681BC8B520007887F9 /* HSDeclareCell.xib in Resources */,
				187DC7BB1BC7A56100FF8AAF /* MBProgressHUD.bundle in Resources */,
				18EC060A1BCD021600039AF0 /* HSOrderCell.xib in Resources */,
				186DEA591BB02A02008C465F /* city.plist in Resources */,
				18EC062C1BCEB0E000039AF0 /* HSOrderCommentCell.xib in Resources */,
				188A20751BAF8FCD00E4D570 /* Images.xcassets in Resources */,
				1821618C1BC4B27100EAA41A /* citydata.plist in Resources */,
				18081BF41BC15E5A000011AE /* Test.rtf in Resources */,
				186DEA5A1BB02A02008C465F /* region.plist in Resources */,
				18E6A5AE1BC517EE00E67C26 /* Test2 in Resources */,
			);
			runOnlyForDeploymentPostprocessing = 0;
		};
		188A207B1BAF8FCD00E4D570 /* Resources */ = {
			isa = PBXResourcesBuildPhase;
			buildActionMask = 2147483647;
			files = (
			);
			runOnlyForDeploymentPostprocessing = 0;
		};
/* End PBXResourcesBuildPhase section */

/* Begin PBXShellScriptBuildPhase section */
		FBF68AE880E578E36CE46E62 /* Check Pods Manifest.lock */ = {
			isa = PBXShellScriptBuildPhase;
			buildActionMask = 2147483647;
			files = (
			);
			inputPaths = (
			);
			name = "Check Pods Manifest.lock";
			outputPaths = (
			);
			runOnlyForDeploymentPostprocessing = 0;
			shellPath = /bin/sh;
			shellScript = "diff \"${PODS_ROOT}/../Podfile.lock\" \"${PODS_ROOT}/Manifest.lock\" > /dev/null\nif [[ $? != 0 ]] ; then\n    cat << EOM\nerror: The sandbox is not in sync with the Podfile.lock. Run 'pod install' or update your CocoaPods installation.\nEOM\n    exit 1\nfi\n";
			showEnvVarsInLog = 0;
		};
		FED610B2B6F9BF8024D6114F /* Copy Pods Resources */ = {
			isa = PBXShellScriptBuildPhase;
			buildActionMask = 2147483647;
			files = (
			);
			inputPaths = (
			);
			name = "Copy Pods Resources";
			outputPaths = (
			);
			runOnlyForDeploymentPostprocessing = 0;
			shellPath = /bin/sh;
			shellScript = "\"${SRCROOT}/Pods/Target Support Files/Pods/Pods-resources.sh\"\n";
			showEnvVarsInLog = 0;
		};
/* End PBXShellScriptBuildPhase section */

/* Begin PBXSourcesBuildPhase section */
		188A20601BAF8FCD00E4D570 /* Sources */ = {
			isa = PBXSourcesBuildPhase;
			buildActionMask = 2147483647;
			files = (
				18C1505D1BC764E40033469A /* HSHeadPictureView.m in Sources */,
				18C1505C1BC764CB0033469A /* HSServant.m in Sources */,
				187DC7F91BC7F5FE00FF8AAF /* HSService.m in Sources */,
				187631321BB62CC90037F124 /* HSInfoGroup.m in Sources */,
				1810BF851BB6DDC800D33FA0 /* UIImage+HSResizingImage.m in Sources */,
				187DC7F51BC7F5FE00FF8AAF /* HSCoveredCountry.m in Sources */,
				184DFFB41BC6964100CDB9E6 /* HSCollectionViewCell.m in Sources */,
				1876311A1BB56E150037F124 /* HSAllViewController.m in Sources */,
				18151CAD1BAFC0700040CA80 /* HSTabBar.m in Sources */,
				187631201BB56E150037F124 /* XBTagTitleModel.m in Sources */,
				186DEA561BB001B6008C465F /* HSNavigationViewController.m in Sources */,
				187DC7FA1BC7F5FE00FF8AAF /* HSSubService.m in Sources */,
				187DC7F61BC7F5FE00FF8AAF /* HSProvince.m in Sources */,
				18EC06101BCD310400039AF0 /* HSOrderCell.m in Sources */,
				187DC7C21BC7A84B00FF8AAF /* HSRefreshButton.m in Sources */,
				18EC061E1BCEA2AA00039AF0 /* HSOrderCommentViewController.m in Sources */,
				18FBD9691BBC084E00EC98F5 /* HSRegistViewController.m in Sources */,
				18EC05FF1BCCB46A00039AF0 /* HSServiceOrder.m in Sources */,
				183398171BB968C5002EAC65 /* HSMineKeys.m in Sources */,
				1876314F1BB635720037F124 /* HSSettingViewController.m in Sources */,
				1876311D1BB56E150037F124 /* HSServingViewController.m in Sources */,
				1810BF7B1BB6DC8300D33FA0 /* HSInfoHeaderView.m in Sources */,
				184324611BBB9370001E2F69 /* HSLoginFooterView.m in Sources */,
				1833981B1BB969C0002EAC65 /* HSInfoValueItem.m in Sources */,
				18F5AE521BB682F800BB5B49 /* HSChangPwdViewController.m in Sources */,
				18E60F941BC1027800BDE6FD /* HSVerify.m in Sources */,
				18E6A5BA1BC6188B00E67C26 /* UIImage+SquareImage.m in Sources */,
				1810BF881BB6DE0F00D33FA0 /* HSInfoFooterView.m in Sources */,
				1876311E1BB56E150037F124 /* HSUnpayedViewController.m in Sources */,
				187DC7F81BC7F5FE00FF8AAF /* HSServiceDeclare.m in Sources */,
				188A20B91BAF90A900E4D570 /* HSTabBarViewController.m in Sources */,
				18EC06281BCEA99200039AF0 /* HSOrderBaseViewController.m in Sources */,
				187631221BB56E150037F124 /* XBTagTitleCell.m in Sources */,
				187631491BB635450037F124 /* HSBasicInfoViewController.m in Sources */,
				187631211BB56E150037F124 /* XBPageCell.m in Sources */,
				1876312F1BB62C9E0037F124 /* HSInfoItem.m in Sources */,
				18081BFE1BC26764000011AE /* HSHTTPRequestOperationManager.m in Sources */,
				187630B11BB546670037F124 /* UIView+SetFrame.m in Sources */,
				18F5AE551BB68E9500BB5B49 /* HSInfoTextFieldItem.m in Sources */,
				186DEA601BB02B24008C465F /* HSNavBarBtn.m in Sources */,
				18EC06221BCEA92B00039AF0 /* HSOrderCommentCell.m in Sources */,
				1876311C1BB56E150037F124 /* HSServedViewController.m in Sources */,
				189B50DB1BCA6A3200C516FE /* HSRefreshLab.m in Sources */,
				1810BF7A1BB6DC8300D33FA0 /* HSInfoTableViewCell.m in Sources */,
				18EC06171BCE6ED100039AF0 /* HSOrderDetailsViewController.m in Sources */,
				187631261BB628260037F124 /* HSBaseViewController.m in Sources */,
				187DC7C51BC7BAE900FF8AAF /* HSSubServiceViewController.m in Sources */,
				18E60F9B1BC102F900BDE6FD /* XBConst.m in Sources */,
				1833981E1BB9A187002EAC65 /* HSInfoLableItem.m in Sources */,
				188A20BB1BAF90A900E4D570 /* AppDelegate.m in Sources */,
				18E60F861BBFF3B600BDE6FD /* HSAccount.m in Sources */,
				1876313F1BB6308E0037F124 /* HSInfoArrowItem.m in Sources */,
				188A206A1BAF8FCD00E4D570 /* main.m in Sources */,
				18E6A5B71BC55B8900E67C26 /* UIImage+CircleCilp.m in Sources */,
				18E60F9E1BC10F9200BDE6FD /* HSFinalRegistViewController.m in Sources */,
				187DC7F71BC7F5FE00FF8AAF /* HSRegion.m in Sources */,
				186DEA531BAFF902008C465F /* HSTabBarButton.m in Sources */,
				184DFFB11BC68D7500CDB9E6 /* HSCollectionView.m in Sources */,
				18E60F8A1BBFFA3900BDE6FD /* HSAccountTool.m in Sources */,
				18EC05E01BCB601E00039AF0 /* HSFatherTableViewController.m in Sources */,
				187DC7FD1BC89B8900FF8AAF /* HSDeclareCell.m in Sources */,
				1843241F1BBAB338001E2F69 /* HSDatePickerView.m in Sources */,
				183398181BB968C5002EAC65 /* HSMineTool.m in Sources */,
				18EC06031BCCB87B00039AF0 /* HSReceiveViewController.m in Sources */,
				1876311B1BB56E150037F124 /* HSServiceListViewController.m in Sources */,
				1843245E1BBB9178001E2F69 /* HSLoginHeaderView.m in Sources */,
				1810BF7C1BB6DC8300D33FA0 /* HSNoBorderTextField.m in Sources */,
				184324171BBAB011001E2F69 /* HSToolBarButton.m in Sources */,
				1876311F1BB56E150037F124 /* XBScrollPageController.m in Sources */,
				187631461BB6352F0037F124 /* HSAboutViewController.m in Sources */,
				188A20B71BAF90A900E4D570 /* HSGrabViewController.m in Sources */,
				184DFFAE1BC662C500CDB9E6 /* HSServantTool.m in Sources */,
				187DC7BA1BC7A56100FF8AAF /* MBProgressHUD+MJ.m in Sources */,
				188A20BA1BAF90A900E4D570 /* HSMineViewController.m in Sources */,
				18E60FA11BC1281500BDE6FD /* HSPickerView.m in Sources */,
				187DC7F41BC7F5FE00FF8AAF /* HSCity.m in Sources */,
				18E60F8D1BC0F90900BDE6FD /* HSOrangeButton.m in Sources */,
				1843245B1BBB83E3001E2F69 /* HSLoginViewController.m in Sources */,
			);
			runOnlyForDeploymentPostprocessing = 0;
		};
		188A20791BAF8FCD00E4D570 /* Sources */ = {
			isa = PBXSourcesBuildPhase;
			buildActionMask = 2147483647;
			files = (
				188A20841BAF8FCD00E4D570 /* HousekeepingServerTests.m in Sources */,
			);
			runOnlyForDeploymentPostprocessing = 0;
		};
/* End PBXSourcesBuildPhase section */

/* Begin PBXTargetDependency section */
		188A207F1BAF8FCD00E4D570 /* PBXTargetDependency */ = {
			isa = PBXTargetDependency;
			target = 188A20631BAF8FCD00E4D570 /* HousekeepingServer */;
			targetProxy = 188A207E1BAF8FCD00E4D570 /* PBXContainerItemProxy */;
		};
/* End PBXTargetDependency section */

/* Begin XCBuildConfiguration section */
		188A20851BAF8FCD00E4D570 /* Debug */ = {
			isa = XCBuildConfiguration;
			buildSettings = {
				ALWAYS_SEARCH_USER_PATHS = NO;
				CLANG_CXX_LANGUAGE_STANDARD = "gnu++0x";
				CLANG_CXX_LIBRARY = "libc++";
				CLANG_ENABLE_MODULES = YES;
				CLANG_ENABLE_OBJC_ARC = YES;
				CLANG_WARN_BOOL_CONVERSION = YES;
				CLANG_WARN_CONSTANT_CONVERSION = YES;
				CLANG_WARN_DIRECT_OBJC_ISA_USAGE = YES_ERROR;
				CLANG_WARN_EMPTY_BODY = YES;
				CLANG_WARN_ENUM_CONVERSION = YES;
				CLANG_WARN_INT_CONVERSION = YES;
				CLANG_WARN_OBJC_ROOT_CLASS = YES_ERROR;
				CLANG_WARN_UNREACHABLE_CODE = YES;
				CLANG_WARN__DUPLICATE_METHOD_MATCH = YES;
				"CODE_SIGN_IDENTITY[sdk=iphoneos*]" = "iPhone Developer";
				COPY_PHASE_STRIP = NO;
				DEBUG_INFORMATION_FORMAT = "dwarf-with-dsym";
				ENABLE_STRICT_OBJC_MSGSEND = YES;
				ENABLE_TESTABILITY = YES;
				GCC_C_LANGUAGE_STANDARD = gnu99;
				GCC_DYNAMIC_NO_PIC = NO;
				GCC_NO_COMMON_BLOCKS = YES;
				GCC_OPTIMIZATION_LEVEL = 0;
				GCC_PREPROCESSOR_DEFINITIONS = (
					"DEBUG=1",
					"$(inherited)",
				);
				GCC_SYMBOLS_PRIVATE_EXTERN = NO;
				GCC_WARN_64_TO_32_BIT_CONVERSION = YES;
				GCC_WARN_ABOUT_RETURN_TYPE = YES_ERROR;
				GCC_WARN_UNDECLARED_SELECTOR = YES;
				GCC_WARN_UNINITIALIZED_AUTOS = YES_AGGRESSIVE;
				GCC_WARN_UNUSED_FUNCTION = YES;
				GCC_WARN_UNUSED_VARIABLE = YES;
				IPHONEOS_DEPLOYMENT_TARGET = 7.0;
				MTL_ENABLE_DEBUG_INFO = YES;
				ONLY_ACTIVE_ARCH = YES;
				SDKROOT = iphoneos;
			};
			name = Debug;
		};
		188A20861BAF8FCD00E4D570 /* Release */ = {
			isa = XCBuildConfiguration;
			buildSettings = {
				ALWAYS_SEARCH_USER_PATHS = NO;
				CLANG_CXX_LANGUAGE_STANDARD = "gnu++0x";
				CLANG_CXX_LIBRARY = "libc++";
				CLANG_ENABLE_MODULES = YES;
				CLANG_ENABLE_OBJC_ARC = YES;
				CLANG_WARN_BOOL_CONVERSION = YES;
				CLANG_WARN_CONSTANT_CONVERSION = YES;
				CLANG_WARN_DIRECT_OBJC_ISA_USAGE = YES_ERROR;
				CLANG_WARN_EMPTY_BODY = YES;
				CLANG_WARN_ENUM_CONVERSION = YES;
				CLANG_WARN_INT_CONVERSION = YES;
				CLANG_WARN_OBJC_ROOT_CLASS = YES_ERROR;
				CLANG_WARN_UNREACHABLE_CODE = YES;
				CLANG_WARN__DUPLICATE_METHOD_MATCH = YES;
				"CODE_SIGN_IDENTITY[sdk=iphoneos*]" = "iPhone Developer";
				COPY_PHASE_STRIP = NO;
				DEBUG_INFORMATION_FORMAT = "dwarf-with-dsym";
				ENABLE_NS_ASSERTIONS = NO;
				ENABLE_STRICT_OBJC_MSGSEND = YES;
				GCC_C_LANGUAGE_STANDARD = gnu99;
				GCC_NO_COMMON_BLOCKS = YES;
				GCC_WARN_64_TO_32_BIT_CONVERSION = YES;
				GCC_WARN_ABOUT_RETURN_TYPE = YES_ERROR;
				GCC_WARN_UNDECLARED_SELECTOR = YES;
				GCC_WARN_UNINITIALIZED_AUTOS = YES_AGGRESSIVE;
				GCC_WARN_UNUSED_FUNCTION = YES;
				GCC_WARN_UNUSED_VARIABLE = YES;
				IPHONEOS_DEPLOYMENT_TARGET = 7.0;
				MTL_ENABLE_DEBUG_INFO = NO;
				SDKROOT = iphoneos;
				VALIDATE_PRODUCT = YES;
			};
			name = Release;
		};
		188A20881BAF8FCD00E4D570 /* Debug */ = {
			isa = XCBuildConfiguration;
			baseConfigurationReference = D5081C50E19EB4F0BEC67FE3 /* Pods.debug.xcconfig */;
			buildSettings = {
				ASSETCATALOG_COMPILER_APPICON_NAME = AppIcon;
				ASSETCATALOG_COMPILER_LAUNCHIMAGE_NAME = BrandAsset;
				CODE_SIGN_IDENTITY = "iPhone Developer";
				"CODE_SIGN_IDENTITY[sdk=iphoneos*]" = "iPhone Developer";
				ENABLE_BITCODE = NO;
				FRAMEWORK_SEARCH_PATHS = (
					"$(inherited)",
					"$(PROJECT_DIR)",
				);
				INFOPLIST_FILE = HousekeepingServer/Info.plist;
				IPHONEOS_DEPLOYMENT_TARGET = 7.0;
				LD_RUNPATH_SEARCH_PATHS = "$(inherited) @executable_path/Frameworks";
				LIBRARY_SEARCH_PATHS = /Users/Apple/Documents/Xcode/Project/HousekeepingServer/HousekeepingServer/Classes/Others/Lib/MBProgressHUD;
				OTHER_LDFLAGS = (
					"$(inherited)",
					"-ObjC",
					"-l\"AFNetworking\"",
					"-l\"MBProgressHUD\"",
					"-l\"MJExtension\"",
					"-framework",
					"\"CoreGraphics\"",
					"-framework",
					"\"MobileCoreServices\"",
					"-framework",
					"\"Security\"",
					"-framework",
					"\"SystemConfiguration\"",
					"-ObjC",
					"-lz",
					"-framework",
					Reveal,
				);
				PRODUCT_BUNDLE_IDENTIFIER = "-47124563-qq.com.$(PRODUCT_NAME:rfc1034identifier)";
				PRODUCT_NAME = "$(TARGET_NAME)";
				PROVISIONING_PROFILE = "";
			};
			name = Debug;
		};
		188A20891BAF8FCD00E4D570 /* Release */ = {
			isa = XCBuildConfiguration;
			baseConfigurationReference = 4A74B14A0C3C7065AB33FA73 /* Pods.release.xcconfig */;
			buildSettings = {
				ASSETCATALOG_COMPILER_APPICON_NAME = AppIcon;
				ASSETCATALOG_COMPILER_LAUNCHIMAGE_NAME = BrandAsset;
				CODE_SIGN_IDENTITY = "iPhone Developer";
				"CODE_SIGN_IDENTITY[sdk=iphoneos*]" = "iPhone Developer";
				ENABLE_BITCODE = NO;
				FRAMEWORK_SEARCH_PATHS = (
					"$(inherited)",
					"$(PROJECT_DIR)",
				);
				INFOPLIST_FILE = HousekeepingServer/Info.plist;
				IPHONEOS_DEPLOYMENT_TARGET = 7.0;
				LD_RUNPATH_SEARCH_PATHS = "$(inherited) @executable_path/Frameworks";
				LIBRARY_SEARCH_PATHS = /Users/Apple/Documents/Xcode/Project/HousekeepingServer/HousekeepingServer/Classes/Others/Lib/MBProgressHUD;
				OTHER_LDFLAGS = (
					"$(inherited)",
					"-ObjC",
					"-l\"AFNetworking\"",
					"-l\"MBProgressHUD\"",
					"-l\"MJExtension\"",
					"-framework",
					"\"CoreGraphics\"",
					"-framework",
					"\"MobileCoreServices\"",
					"-framework",
					"\"Security\"",
					"-framework",
					"\"SystemConfiguration\"",
					"-ObjC",
					"-lz",
					"-framework",
					Reveal,
				);
				PRODUCT_BUNDLE_IDENTIFIER = "-47124563-qq.com.$(PRODUCT_NAME:rfc1034identifier)";
				PRODUCT_NAME = "$(TARGET_NAME)";
				PROVISIONING_PROFILE = "";
			};
			name = Release;
		};
		188A208B1BAF8FCD00E4D570 /* Debug */ = {
			isa = XCBuildConfiguration;
			buildSettings = {
				BUNDLE_LOADER = "$(TEST_HOST)";
				FRAMEWORK_SEARCH_PATHS = (
					"$(SDKROOT)/Developer/Library/Frameworks",
					"$(inherited)",
				);
				GCC_PREPROCESSOR_DEFINITIONS = (
					"DEBUG=1",
					"$(inherited)",
				);
				INFOPLIST_FILE = HousekeepingServerTests/Info.plist;
				LD_RUNPATH_SEARCH_PATHS = "$(inherited) @executable_path/Frameworks @loader_path/Frameworks";
				PRODUCT_BUNDLE_IDENTIFIER = "-47124563-qq.com.$(PRODUCT_NAME:rfc1034identifier)";
				PRODUCT_NAME = "$(TARGET_NAME)";
				TEST_HOST = "$(BUILT_PRODUCTS_DIR)/HousekeepingServer.app/HousekeepingServer";
			};
			name = Debug;
		};
		188A208C1BAF8FCD00E4D570 /* Release */ = {
			isa = XCBuildConfiguration;
			buildSettings = {
				BUNDLE_LOADER = "$(TEST_HOST)";
				FRAMEWORK_SEARCH_PATHS = (
					"$(SDKROOT)/Developer/Library/Frameworks",
					"$(inherited)",
				);
				INFOPLIST_FILE = HousekeepingServerTests/Info.plist;
				LD_RUNPATH_SEARCH_PATHS = "$(inherited) @executable_path/Frameworks @loader_path/Frameworks";
				PRODUCT_BUNDLE_IDENTIFIER = "-47124563-qq.com.$(PRODUCT_NAME:rfc1034identifier)";
				PRODUCT_NAME = "$(TARGET_NAME)";
				TEST_HOST = "$(BUILT_PRODUCTS_DIR)/HousekeepingServer.app/HousekeepingServer";
			};
			name = Release;
		};
/* End XCBuildConfiguration section */

/* Begin XCConfigurationList section */
		188A205F1BAF8FCD00E4D570 /* Build configuration list for PBXProject "HousekeepingServer" */ = {
			isa = XCConfigurationList;
			buildConfigurations = (
				188A20851BAF8FCD00E4D570 /* Debug */,
				188A20861BAF8FCD00E4D570 /* Release */,
			);
			defaultConfigurationIsVisible = 0;
			defaultConfigurationName = Release;
		};
		188A20871BAF8FCD00E4D570 /* Build configuration list for PBXNativeTarget "HousekeepingServer" */ = {
			isa = XCConfigurationList;
			buildConfigurations = (
				188A20881BAF8FCD00E4D570 /* Debug */,
				188A20891BAF8FCD00E4D570 /* Release */,
			);
			defaultConfigurationIsVisible = 0;
			defaultConfigurationName = Release;
		};
		188A208A1BAF8FCD00E4D570 /* Build configuration list for PBXNativeTarget "HousekeepingServerTests" */ = {
			isa = XCConfigurationList;
			buildConfigurations = (
				188A208B1BAF8FCD00E4D570 /* Debug */,
				188A208C1BAF8FCD00E4D570 /* Release */,
			);
			defaultConfigurationIsVisible = 0;
			defaultConfigurationName = Release;
		};
/* End XCConfigurationList section */
	};
	rootObject = 188A205C1BAF8FCD00E4D570 /* Project object */;
}
